{
  "version": 4,
  "terraform_version": "1.5.7",
  "serial": 226,
  "lineage": "8a8af948-b129-af39-2d9f-832dd0939b09",
  "outputs": {
    "admin_url": {
      "value": "https://admin.silverzupport.us",
      "type": "string"
    },
    "alb_dns_name": {
      "value": "silversupport-alpha-alb-1192425198.us-east-1.elb.amazonaws.com",
      "type": "string"
    },
    "alb_zone_id": {
      "value": "Z35SXDOTRQ7X7K",
      "type": "string"
    },
    "alpha_url": {
      "value": "https://alpha.silverzupport.us",
      "type": "string"
    },
    "api_url": {
      "value": "https://api.silverzupport.us",
      "type": "string"
    },
    "app_secrets_arn": {
      "value": "arn:aws:secretsmanager:us-east-1:276824025294:secret:silversupport-alpha-app-secrets-hyu1j7",
      "type": "string"
    },
    "certificate_arn": {
      "value": "arn:aws:acm:us-east-1:276824025294:certificate/0af480c4-083f-4913-a359-9e20ff1be1c6",
      "type": "string"
    },
    "cloudwatch_log_group": {
      "value": "/ecs/silversupport-alpha",
      "type": "string"
    },
    "ecr_repository_url": {
      "value": "276824025294.dkr.ecr.us-east-1.amazonaws.com/silversupport-alpha-app",
      "type": "string"
    },
    "ecs_cluster_name": {
      "value": "silversupport-alpha-cluster",
      "type": "string"
    },
    "ecs_service_name": {
      "value": "silversupport-alpha-service",
      "type": "string"
    },
    "private_subnet_ids": {
      "value": [
        "subnet-0a27cd77d546a8e19",
        "subnet-02c3046db54bfe84a"
      ],
      "type": [
        "tuple",
        [
          "string",
          "string"
        ]
      ]
    },
    "public_subnet_ids": {
      "value": [
        "subnet-007698f3873151b29",
        "subnet-0283e507f0b1e3595"
      ],
      "type": [
        "tuple",
        [
          "string",
          "string"
        ]
      ]
    },
    "rds_database_name": {
      "value": "silversupport_alpha",
      "type": "string"
    },
    "rds_endpoint": {
      "value": "silversupport-alpha-database.ck5qswe0woij.us-east-1.rds.amazonaws.com:5432",
      "type": "string",
      "sensitive": true
    },
    "rds_port": {
      "value": 5432,
      "type": "number"
    },
    "rds_secret_arn": {
      "value": "arn:aws:secretsmanager:us-east-1:276824025294:secret:silversupport-alpha-db-credentials-F9Li0W",
      "type": "string"
    },
    "s3_bucket_backups": {
      "value": "silversupport-alpha-backups",
      "type": "string"
    },
    "s3_bucket_logs": {
      "value": "silversupport-alpha-logs",
      "type": "string"
    },
    "s3_bucket_voice_recordings": {
      "value": "silversupport-alpha-voice-recordings",
      "type": "string"
    },
    "security_group_alb_id": {
      "value": "sg-0f97389a8dd7d819d",
      "type": "string"
    },
    "security_group_ecs_id": {
      "value": "sg-0c8c2ef7f771ed4ca",
      "type": "string"
    },
    "security_group_rds_id": {
      "value": "sg-0fa4cbc54e7298215",
      "type": "string"
    },
    "vpc_id": {
      "value": "vpc-0bb2ba8aafc808e12",
      "type": "string"
    }
  },
  "resources": [
    {
      "mode": "data",
      "type": "aws_availability_zones",
      "name": "available",
      "provider": "provider[\"registry.terraform.io/hashicorp/aws\"]",
      "instances": [
        {
          "schema_version": 0,
          "attributes": {
            "all_availability_zones": null,
            "exclude_names": null,
            "exclude_zone_ids": null,
            "filter": null,
            "group_names": [
              "us-east-1-zg-1"
            ],
            "id": "us-east-1",
            "names": [
              "us-east-1a",
              "us-east-1b",
              "us-east-1c",
              "us-east-1d",
              "us-east-1e",
              "us-east-1f"
            ],
            "state": "available",
            "timeouts": null,
            "zone_ids": [
              "use1-az4",
              "use1-az6",
              "use1-az1",
              "use1-az2",
              "use1-az3",
              "use1-az5"
            ]
          },
          "sensitive_attributes": []
        }
      ]
    },
    {
      "mode": "data",
      "type": "aws_caller_identity",
      "name": "current",
      "provider": "provider[\"registry.terraform.io/hashicorp/aws\"]",
      "instances": [
        {
          "schema_version": 0,
          "attributes": {
            "account_id": "276824025294",
            "arn": "arn:aws:iam::276824025294:user/Aspire-Admin",
            "id": "276824025294",
            "user_id": "AIDAUA477NDHLCH7I32ER"
          },
          "sensitive_attributes": []
        }
      ]
    },
    {
      "mode": "data",
      "type": "aws_route53_zone",
      "name": "main",
      "provider": "provider[\"registry.terraform.io/hashicorp/aws\"]",
      "instances": [
        {
          "schema_version": 0,
          "attributes": {
            "arn": "arn:aws:route53:::hostedzone/Z0974740EJCOAY7G992Z",
            "caller_reference": "silverzupport-1754153626",
            "comment": "AI Technical Support Service DNS",
            "id": "Z0974740EJCOAY7G992Z",
            "linked_service_description": null,
            "linked_service_principal": null,
            "name": "silverzupport.us",
            "name_servers": [
              "ns-1977.awsdns-55.co.uk",
              "ns-1228.awsdns-25.org",
              "ns-166.awsdns-20.com",
              "ns-628.awsdns-14.net"
            ],
            "primary_name_server": "ns-1977.awsdns-55.co.uk",
            "private_zone": false,
            "resource_record_set_count": 6,
            "tags": {},
            "vpc_id": null,
            "zone_id": "Z0974740EJCOAY7G992Z"
          },
          "sensitive_attributes": []
        }
      ]
    },
    {
      "mode": "managed",
      "type": "aws_acm_certificate",
      "name": "main",
      "provider": "provider[\"registry.terraform.io/hashicorp/aws\"]",
      "instances": [
        {
          "schema_version": 0,
          "attributes": {
            "arn": "arn:aws:acm:us-east-1:276824025294:certificate/0af480c4-083f-4913-a359-9e20ff1be1c6",
            "certificate_authority_arn": "",
            "certificate_body": null,
            "certificate_chain": null,
            "domain_name": "silverzupport.us",
            "domain_validation_options": [
              {
                "domain_name": "*.silverzupport.us",
                "resource_record_name": "_3b472582ae79bfe17a4b6b954f43abcd.silverzupport.us.",
                "resource_record_type": "CNAME",
                "resource_record_value": "_a2f67acd1d14fedb07bdc5e69bd256cf.xlfgrmvvlj.acm-validations.aws."
              },
              {
                "domain_name": "silverzupport.us",
                "resource_record_name": "_3b472582ae79bfe17a4b6b954f43abcd.silverzupport.us.",
                "resource_record_type": "CNAME",
                "resource_record_value": "_a2f67acd1d14fedb07bdc5e69bd256cf.xlfgrmvvlj.acm-validations.aws."
              }
            ],
            "early_renewal_duration": "",
            "id": "arn:aws:acm:us-east-1:276824025294:certificate/0af480c4-083f-4913-a359-9e20ff1be1c6",
            "key_algorithm": "RSA_2048",
            "not_after": "2026-09-12T23:59:59Z",
            "not_before": "2025-08-14T00:00:00Z",
            "options": [
              {
                "certificate_transparency_logging_preference": "ENABLED"
              }
            ],
            "pending_renewal": false,
            "private_key": null,
            "renewal_eligibility": "ELIGIBLE",
            "renewal_summary": [],
            "status": "ISSUED",
            "subject_alternative_names": [
              "*.silverzupport.us",
              "silverzupport.us"
            ],
            "tags": {
              "Environment": "alpha",
              "Project": "SilverSupport",
              "Terraform": "true"
            },
            "tags_all": {
              "Environment": "alpha",
              "ManagedBy": "Terraform",
              "Owner": "Aspire-Admin",
              "Project": "SilverSupport",
              "Terraform": "true"
            },
            "type": "AMAZON_ISSUED",
            "validation_emails": [],
            "validation_method": "DNS",
            "validation_option": []
          },
          "sensitive_attributes": [],
          "private": "bnVsbA==",
          "create_before_destroy": true
        }
      ]
    },
    {
      "mode": "managed",
      "type": "aws_acm_certificate_validation",
      "name": "main",
      "provider": "provider[\"registry.terraform.io/hashicorp/aws\"]",
      "instances": [
        {
          "schema_version": 0,
          "attributes": {
            "certificate_arn": "arn:aws:acm:us-east-1:276824025294:certificate/0af480c4-083f-4913-a359-9e20ff1be1c6",
            "id": "2025-08-14 17:15:00.343 +0000 UTC",
            "timeouts": {
              "create": "5m"
            },
            "validation_record_fqdns": [
              "_3b472582ae79bfe17a4b6b954f43abcd.silverzupport.us"
            ]
          },
          "sensitive_attributes": [],
          "private": "eyJlMmJmYjczMC1lY2FhLTExZTYtOGY4OC0zNDM2M2JjN2M0YzAiOnsiY3JlYXRlIjozMDAwMDAwMDAwMDB9fQ==",
          "dependencies": [
            "aws_acm_certificate.main",
            "aws_route53_record.cert_validation",
            "data.aws_route53_zone.main"
          ]
        }
      ]
    },
    {
      "mode": "managed",
      "type": "aws_appautoscaling_policy",
      "name": "ecs_cpu",
      "provider": "provider[\"registry.terraform.io/hashicorp/aws\"]",
      "instances": [
        {
          "schema_version": 0,
          "attributes": {
            "alarm_arns": [
              "arn:aws:cloudwatch:us-east-1:276824025294:alarm:TargetTracking-service/silversupport-alpha-cluster/silversupport-alpha-service-AlarmHigh-ea25c59b-0179-4f1f-a450-e2bb9be0c6ca",
              "arn:aws:cloudwatch:us-east-1:276824025294:alarm:TargetTracking-service/silversupport-alpha-cluster/silversupport-alpha-service-AlarmLow-5fc4e2b7-b946-457d-8979-d8e731a0c238"
            ],
            "arn": "arn:aws:autoscaling:us-east-1:276824025294:scalingPolicy:53548167-57fe-40dd-adc6-f53b0032d020:resource/ecs/service/silversupport-alpha-cluster/silversupport-alpha-service:policyName/silversupport-alpha-cpu-scaling",
            "id": "silversupport-alpha-cpu-scaling",
            "name": "silversupport-alpha-cpu-scaling",
            "policy_type": "TargetTrackingScaling",
            "resource_id": "service/silversupport-alpha-cluster/silversupport-alpha-service",
            "scalable_dimension": "ecs:service:DesiredCount",
            "service_namespace": "ecs",
            "step_scaling_policy_configuration": [],
            "target_tracking_scaling_policy_configuration": [
              {
                "customized_metric_specification": [],
                "disable_scale_in": false,
                "predefined_metric_specification": [
                  {
                    "predefined_metric_type": "ECSServiceAverageCPUUtilization",
                    "resource_label": ""
                  }
                ],
                "scale_in_cooldown": 0,
                "scale_out_cooldown": 0,
                "target_value": 70
              }
            ]
          },
          "sensitive_attributes": [],
          "private": "bnVsbA==",
          "dependencies": [
            "aws_appautoscaling_target.ecs_target",
            "aws_cloudwatch_log_group.ecs",
            "aws_ecr_repository.app",
            "aws_ecs_cluster.main",
            "aws_ecs_service.app",
            "aws_ecs_task_definition.app",
            "aws_iam_role.ecs_task",
            "aws_iam_role.ecs_task_execution",
            "aws_lb_listener.app_https",
            "aws_lb_target_group.app",
            "aws_s3_bucket.backups",
            "aws_s3_bucket.logs",
            "aws_s3_bucket.voice_recordings",
            "aws_secretsmanager_secret.app_secrets",
            "aws_secretsmanager_secret.db_credentials",
            "aws_security_group.ecs",
            "aws_subnet.private"
          ]
        }
      ]
    },
    {
      "mode": "managed",
      "type": "aws_appautoscaling_policy",
      "name": "ecs_memory",
      "provider": "provider[\"registry.terraform.io/hashicorp/aws\"]",
      "instances": [
        {
          "schema_version": 0,
          "attributes": {
            "alarm_arns": [
              "arn:aws:cloudwatch:us-east-1:276824025294:alarm:TargetTracking-service/silversupport-alpha-cluster/silversupport-alpha-service-AlarmHigh-cd5b4bee-42b8-4a43-89a1-6ce4d300db83",
              "arn:aws:cloudwatch:us-east-1:276824025294:alarm:TargetTracking-service/silversupport-alpha-cluster/silversupport-alpha-service-AlarmLow-236ae65d-a710-45db-a476-e55dfd221b99"
            ],
            "arn": "arn:aws:autoscaling:us-east-1:276824025294:scalingPolicy:53548167-57fe-40dd-adc6-f53b0032d020:resource/ecs/service/silversupport-alpha-cluster/silversupport-alpha-service:policyName/silversupport-alpha-memory-scaling",
            "id": "silversupport-alpha-memory-scaling",
            "name": "silversupport-alpha-memory-scaling",
            "policy_type": "TargetTrackingScaling",
            "resource_id": "service/silversupport-alpha-cluster/silversupport-alpha-service",
            "scalable_dimension": "ecs:service:DesiredCount",
            "service_namespace": "ecs",
            "step_scaling_policy_configuration": [],
            "target_tracking_scaling_policy_configuration": [
              {
                "customized_metric_specification": [],
                "disable_scale_in": false,
                "predefined_metric_specification": [
                  {
                    "predefined_metric_type": "ECSServiceAverageMemoryUtilization",
                    "resource_label": ""
                  }
                ],
                "scale_in_cooldown": 0,
                "scale_out_cooldown": 0,
                "target_value": 80
              }
            ]
          },
          "sensitive_attributes": [],
          "private": "bnVsbA==",
          "dependencies": [
            "aws_appautoscaling_target.ecs_target",
            "aws_cloudwatch_log_group.ecs",
            "aws_ecr_repository.app",
            "aws_ecs_cluster.main",
            "aws_ecs_service.app",
            "aws_ecs_task_definition.app",
            "aws_iam_role.ecs_task",
            "aws_iam_role.ecs_task_execution",
            "aws_lb_listener.app_https",
            "aws_lb_target_group.app",
            "aws_s3_bucket.backups",
            "aws_s3_bucket.logs",
            "aws_s3_bucket.voice_recordings",
            "aws_secretsmanager_secret.app_secrets",
            "aws_secretsmanager_secret.db_credentials",
            "aws_security_group.ecs",
            "aws_subnet.private"
          ]
        }
      ]
    },
    {
      "mode": "managed",
      "type": "aws_appautoscaling_target",
      "name": "ecs_target",
      "provider": "provider[\"registry.terraform.io/hashicorp/aws\"]",
      "instances": [
        {
          "schema_version": 0,
          "attributes": {
            "arn": "arn:aws:application-autoscaling:us-east-1:276824025294:scalable-target/0ec55354816757fe40ddadc6f53b0032d020",
            "id": "service/silversupport-alpha-cluster/silversupport-alpha-service",
            "max_capacity": 10,
            "min_capacity": 2,
            "resource_id": "service/silversupport-alpha-cluster/silversupport-alpha-service",
            "role_arn": "arn:aws:iam::276824025294:role/aws-service-role/ecs.application-autoscaling.amazonaws.com/AWSServiceRoleForApplicationAutoScaling_ECSService",
            "scalable_dimension": "ecs:service:DesiredCount",
            "service_namespace": "ecs",
            "suspended_state": [
              {
                "dynamic_scaling_in_suspended": false,
                "dynamic_scaling_out_suspended": false,
                "scheduled_scaling_suspended": false
              }
            ],
            "tags": null,
            "tags_all": {
              "Environment": "alpha",
              "ManagedBy": "Terraform",
              "Owner": "Aspire-Admin",
              "Project": "SilverSupport"
            }
          },
          "sensitive_attributes": [],
          "private": "bnVsbA==",
          "dependencies": [
            "aws_cloudwatch_log_group.ecs",
            "aws_ecr_repository.app",
            "aws_ecs_cluster.main",
            "aws_ecs_service.app",
            "aws_ecs_task_definition.app",
            "aws_iam_role.ecs_task",
            "aws_iam_role.ecs_task_execution",
            "aws_lb_listener.app_https",
            "aws_lb_target_group.app",
            "aws_s3_bucket.backups",
            "aws_s3_bucket.logs",
            "aws_s3_bucket.voice_recordings",
            "aws_secretsmanager_secret.app_secrets",
            "aws_secretsmanager_secret.db_credentials",
            "aws_security_group.ecs",
            "aws_subnet.private"
          ]
        }
      ]
    },
    {
      "mode": "managed",
      "type": "aws_cloudwatch_log_group",
      "name": "ecs",
      "provider": "provider[\"registry.terraform.io/hashicorp/aws\"]",
      "instances": [
        {
          "schema_version": 0,
          "attributes": {
            "arn": "arn:aws:logs:us-east-1:276824025294:log-group:/ecs/silversupport-alpha",
            "id": "/ecs/silversupport-alpha",
            "kms_key_id": "",
            "log_group_class": "STANDARD",
            "name": "/ecs/silversupport-alpha",
            "name_prefix": "",
            "retention_in_days": 7,
            "skip_destroy": false,
            "tags": {
              "Environment": "alpha",
              "Project": "SilverSupport",
              "Terraform": "true"
            },
            "tags_all": {
              "Environment": "alpha",
              "ManagedBy": "Terraform",
              "Owner": "Aspire-Admin",
              "Project": "SilverSupport",
              "Terraform": "true"
            }
          },
          "sensitive_attributes": [],
          "private": "bnVsbA=="
        }
      ]
    },
    {
      "mode": "managed",
      "type": "aws_cloudwatch_metric_alarm",
      "name": "alb_5xx_errors",
      "provider": "provider[\"registry.terraform.io/hashicorp/aws\"]",
      "instances": [
        {
          "schema_version": 1,
          "attributes": {
            "actions_enabled": true,
            "alarm_actions": [],
            "alarm_description": "This metric monitors ALB 5xx errors",
            "alarm_name": "silversupport-alpha-alb-5xx-errors",
            "arn": "arn:aws:cloudwatch:us-east-1:276824025294:alarm:silversupport-alpha-alb-5xx-errors",
            "comparison_operator": "GreaterThanThreshold",
            "datapoints_to_alarm": 0,
            "dimensions": {
              "LoadBalancer": "app/silversupport-alpha-alb/755cf36cee3581df"
            },
            "evaluate_low_sample_count_percentiles": "",
            "evaluation_periods": 2,
            "extended_statistic": "",
            "id": "silversupport-alpha-alb-5xx-errors",
            "insufficient_data_actions": [],
            "metric_name": "HTTPCode_ELB_5XX_Count",
            "metric_query": [],
            "namespace": "AWS/ApplicationELB",
            "ok_actions": [],
            "period": 300,
            "statistic": "Sum",
            "tags": {
              "Environment": "alpha",
              "Project": "SilverSupport",
              "Terraform": "true"
            },
            "tags_all": {
              "Environment": "alpha",
              "ManagedBy": "Terraform",
              "Owner": "Aspire-Admin",
              "Project": "SilverSupport",
              "Terraform": "true"
            },
            "threshold": 5,
            "threshold_metric_id": "",
            "treat_missing_data": "missing",
            "unit": ""
          },
          "sensitive_attributes": [],
          "private": "eyJzY2hlbWFfdmVyc2lvbiI6IjEifQ==",
          "dependencies": [
            "aws_lb.main",
            "aws_s3_bucket.logs",
            "aws_security_group.alb",
            "aws_subnet.public",
            "aws_vpc.main",
            "data.aws_availability_zones.available"
          ]
        }
      ]
    },
    {
      "mode": "managed",
      "type": "aws_cloudwatch_metric_alarm",
      "name": "alb_response_time",
      "provider": "provider[\"registry.terraform.io/hashicorp/aws\"]",
      "instances": [
        {
          "schema_version": 1,
          "attributes": {
            "actions_enabled": true,
            "alarm_actions": [],
            "alarm_description": "This metric monitors ALB response time",
            "alarm_name": "silversupport-alpha-alb-response-time",
            "arn": "arn:aws:cloudwatch:us-east-1:276824025294:alarm:silversupport-alpha-alb-response-time",
            "comparison_operator": "GreaterThanThreshold",
            "datapoints_to_alarm": 0,
            "dimensions": {
              "LoadBalancer": "app/silversupport-alpha-alb/755cf36cee3581df"
            },
            "evaluate_low_sample_count_percentiles": "",
            "evaluation_periods": 2,
            "extended_statistic": "",
            "id": "silversupport-alpha-alb-response-time",
            "insufficient_data_actions": [],
            "metric_name": "TargetResponseTime",
            "metric_query": [],
            "namespace": "AWS/ApplicationELB",
            "ok_actions": [],
            "period": 300,
            "statistic": "Average",
            "tags": {
              "Environment": "alpha",
              "Project": "SilverSupport",
              "Terraform": "true"
            },
            "tags_all": {
              "Environment": "alpha",
              "ManagedBy": "Terraform",
              "Owner": "Aspire-Admin",
              "Project": "SilverSupport",
              "Terraform": "true"
            },
            "threshold": 1,
            "threshold_metric_id": "",
            "treat_missing_data": "missing",
            "unit": ""
          },
          "sensitive_attributes": [],
          "private": "eyJzY2hlbWFfdmVyc2lvbiI6IjEifQ==",
          "dependencies": [
            "aws_lb.main",
            "aws_s3_bucket.logs",
            "aws_security_group.alb",
            "aws_subnet.public",
            "aws_vpc.main",
            "data.aws_availability_zones.available"
          ]
        }
      ]
    },
    {
      "mode": "managed",
      "type": "aws_cloudwatch_metric_alarm",
      "name": "alb_unhealthy_targets",
      "provider": "provider[\"registry.terraform.io/hashicorp/aws\"]",
      "instances": [
        {
          "schema_version": 1,
          "attributes": {
            "actions_enabled": true,
            "alarm_actions": [],
            "alarm_description": "This metric monitors ALB unhealthy targets",
            "alarm_name": "silversupport-alpha-alb-unhealthy-targets",
            "arn": "arn:aws:cloudwatch:us-east-1:276824025294:alarm:silversupport-alpha-alb-unhealthy-targets",
            "comparison_operator": "GreaterThanThreshold",
            "datapoints_to_alarm": 0,
            "dimensions": {
              "LoadBalancer": "app/silversupport-alpha-alb/755cf36cee3581df",
              "TargetGroup": "targetgroup/silversupport-alpha-app-tg/12caddb7a6578e17"
            },
            "evaluate_low_sample_count_percentiles": "",
            "evaluation_periods": 2,
            "extended_statistic": "",
            "id": "silversupport-alpha-alb-unhealthy-targets",
            "insufficient_data_actions": [],
            "metric_name": "UnHealthyHostCount",
            "metric_query": [],
            "namespace": "AWS/ApplicationELB",
            "ok_actions": [],
            "period": 60,
            "statistic": "Average",
            "tags": {
              "Environment": "alpha",
              "Project": "SilverSupport",
              "Terraform": "true"
            },
            "tags_all": {
              "Environment": "alpha",
              "ManagedBy": "Terraform",
              "Owner": "Aspire-Admin",
              "Project": "SilverSupport",
              "Terraform": "true"
            },
            "threshold": 0,
            "threshold_metric_id": "",
            "treat_missing_data": "missing",
            "unit": ""
          },
          "sensitive_attributes": [],
          "private": "eyJzY2hlbWFfdmVyc2lvbiI6IjEifQ==",
          "dependencies": [
            "aws_lb.main",
            "aws_lb_target_group.app",
            "aws_s3_bucket.logs",
            "aws_security_group.alb",
            "aws_subnet.public",
            "aws_vpc.main",
            "data.aws_availability_zones.available"
          ]
        }
      ]
    },
    {
      "mode": "managed",
      "type": "aws_cloudwatch_metric_alarm",
      "name": "database_connections",
      "provider": "provider[\"registry.terraform.io/hashicorp/aws\"]",
      "instances": [
        {
          "schema_version": 1,
          "attributes": {
            "actions_enabled": true,
            "alarm_actions": [],
            "alarm_description": "This metric monitors RDS connection count",
            "alarm_name": "silversupport-alpha-database-connections",
            "arn": "arn:aws:cloudwatch:us-east-1:276824025294:alarm:silversupport-alpha-database-connections",
            "comparison_operator": "GreaterThanThreshold",
            "datapoints_to_alarm": 0,
            "dimensions": {
              "DBInstanceIdentifier": "db-RG6COGGRYBRJK67VYC4PR55JOE"
            },
            "evaluate_low_sample_count_percentiles": "",
            "evaluation_periods": 2,
            "extended_statistic": "",
            "id": "silversupport-alpha-database-connections",
            "insufficient_data_actions": [],
            "metric_name": "DatabaseConnections",
            "metric_query": [],
            "namespace": "AWS/RDS",
            "ok_actions": [],
            "period": 300,
            "statistic": "Average",
            "tags": {
              "Environment": "alpha",
              "Project": "SilverSupport",
              "Terraform": "true"
            },
            "tags_all": {
              "Environment": "alpha",
              "ManagedBy": "Terraform",
              "Owner": "Aspire-Admin",
              "Project": "SilverSupport",
              "Terraform": "true"
            },
            "threshold": 15,
            "threshold_metric_id": "",
            "treat_missing_data": "missing",
            "unit": ""
          },
          "sensitive_attributes": [],
          "private": "eyJzY2hlbWFfdmVyc2lvbiI6IjEifQ==",
          "dependencies": [
            "aws_db_instance.main",
            "aws_db_parameter_group.main",
            "aws_db_subnet_group.main",
            "aws_iam_role.rds_monitoring",
            "aws_security_group.alb",
            "aws_security_group.ecs",
            "aws_security_group.rds",
            "aws_subnet.private",
            "aws_vpc.main",
            "data.aws_availability_zones.available",
            "random_password.db_password"
          ]
        }
      ]
    },
    {
      "mode": "managed",
      "type": "aws_cloudwatch_metric_alarm",
      "name": "database_cpu",
      "provider": "provider[\"registry.terraform.io/hashicorp/aws\"]",
      "instances": [
        {
          "schema_version": 1,
          "attributes": {
            "actions_enabled": true,
            "alarm_actions": [],
            "alarm_description": "This metric monitors RDS CPU utilization",
            "alarm_name": "silversupport-alpha-database-cpu-utilization",
            "arn": "arn:aws:cloudwatch:us-east-1:276824025294:alarm:silversupport-alpha-database-cpu-utilization",
            "comparison_operator": "GreaterThanThreshold",
            "datapoints_to_alarm": 0,
            "dimensions": {
              "DBInstanceIdentifier": "db-RG6COGGRYBRJK67VYC4PR55JOE"
            },
            "evaluate_low_sample_count_percentiles": "",
            "evaluation_periods": 2,
            "extended_statistic": "",
            "id": "silversupport-alpha-database-cpu-utilization",
            "insufficient_data_actions": [],
            "metric_name": "CPUUtilization",
            "metric_query": [],
            "namespace": "AWS/RDS",
            "ok_actions": [],
            "period": 300,
            "statistic": "Average",
            "tags": {
              "Environment": "alpha",
              "Project": "SilverSupport",
              "Terraform": "true"
            },
            "tags_all": {
              "Environment": "alpha",
              "ManagedBy": "Terraform",
              "Owner": "Aspire-Admin",
              "Project": "SilverSupport",
              "Terraform": "true"
            },
            "threshold": 80,
            "threshold_metric_id": "",
            "treat_missing_data": "missing",
            "unit": ""
          },
          "sensitive_attributes": [],
          "private": "eyJzY2hlbWFfdmVyc2lvbiI6IjEifQ==",
          "dependencies": [
            "aws_db_instance.main",
            "aws_db_parameter_group.main",
            "aws_db_subnet_group.main",
            "aws_iam_role.rds_monitoring",
            "aws_security_group.alb",
            "aws_security_group.ecs",
            "aws_security_group.rds",
            "aws_subnet.private",
            "aws_vpc.main",
            "data.aws_availability_zones.available",
            "random_password.db_password"
          ]
        }
      ]
    },
    {
      "mode": "managed",
      "type": "aws_cloudwatch_metric_alarm",
      "name": "ecs_cpu_high",
      "provider": "provider[\"registry.terraform.io/hashicorp/aws\"]",
      "instances": [
        {
          "schema_version": 1,
          "attributes": {
            "actions_enabled": true,
            "alarm_actions": null,
            "alarm_description": "This metric monitors ECS CPU utilization",
            "alarm_name": "silversupport-alpha-ecs-cpu-high",
            "arn": "arn:aws:cloudwatch:us-east-1:276824025294:alarm:silversupport-alpha-ecs-cpu-high",
            "comparison_operator": "GreaterThanThreshold",
            "datapoints_to_alarm": 0,
            "dimensions": {
              "ClusterName": "silversupport-alpha-cluster",
              "ServiceName": "silversupport-alpha-service"
            },
            "evaluate_low_sample_count_percentiles": "",
            "evaluation_periods": 2,
            "extended_statistic": "",
            "id": "silversupport-alpha-ecs-cpu-high",
            "insufficient_data_actions": null,
            "metric_name": "CPUUtilization",
            "metric_query": [],
            "namespace": "AWS/ECS",
            "ok_actions": null,
            "period": 300,
            "statistic": "Average",
            "tags": {
              "Environment": "alpha",
              "Project": "SilverSupport",
              "Terraform": "true"
            },
            "tags_all": {
              "Environment": "alpha",
              "ManagedBy": "Terraform",
              "Owner": "Aspire-Admin",
              "Project": "SilverSupport",
              "Terraform": "true"
            },
            "threshold": 80,
            "threshold_metric_id": "",
            "treat_missing_data": "missing",
            "unit": ""
          },
          "sensitive_attributes": [],
          "private": "eyJzY2hlbWFfdmVyc2lvbiI6IjEifQ==",
          "dependencies": [
            "aws_cloudwatch_log_group.ecs",
            "aws_ecr_repository.app",
            "aws_ecs_cluster.main",
            "aws_ecs_service.app",
            "aws_ecs_task_definition.app",
            "aws_iam_role.ecs_task",
            "aws_iam_role.ecs_task_execution",
            "aws_lb_listener.app_https",
            "aws_lb_target_group.app",
            "aws_s3_bucket.backups",
            "aws_s3_bucket.logs",
            "aws_s3_bucket.voice_recordings",
            "aws_secretsmanager_secret.app_secrets",
            "aws_secretsmanager_secret.db_credentials",
            "aws_security_group.ecs",
            "aws_subnet.private"
          ]
        }
      ]
    },
    {
      "mode": "managed",
      "type": "aws_cloudwatch_metric_alarm",
      "name": "ecs_memory_high",
      "provider": "provider[\"registry.terraform.io/hashicorp/aws\"]",
      "instances": [
        {
          "schema_version": 1,
          "attributes": {
            "actions_enabled": true,
            "alarm_actions": null,
            "alarm_description": "This metric monitors ECS memory utilization",
            "alarm_name": "silversupport-alpha-ecs-memory-high",
            "arn": "arn:aws:cloudwatch:us-east-1:276824025294:alarm:silversupport-alpha-ecs-memory-high",
            "comparison_operator": "GreaterThanThreshold",
            "datapoints_to_alarm": 0,
            "dimensions": {
              "ClusterName": "silversupport-alpha-cluster",
              "ServiceName": "silversupport-alpha-service"
            },
            "evaluate_low_sample_count_percentiles": "",
            "evaluation_periods": 2,
            "extended_statistic": "",
            "id": "silversupport-alpha-ecs-memory-high",
            "insufficient_data_actions": null,
            "metric_name": "MemoryUtilization",
            "metric_query": [],
            "namespace": "AWS/ECS",
            "ok_actions": null,
            "period": 300,
            "statistic": "Average",
            "tags": {
              "Environment": "alpha",
              "Project": "SilverSupport",
              "Terraform": "true"
            },
            "tags_all": {
              "Environment": "alpha",
              "ManagedBy": "Terraform",
              "Owner": "Aspire-Admin",
              "Project": "SilverSupport",
              "Terraform": "true"
            },
            "threshold": 85,
            "threshold_metric_id": "",
            "treat_missing_data": "missing",
            "unit": ""
          },
          "sensitive_attributes": [],
          "private": "eyJzY2hlbWFfdmVyc2lvbiI6IjEifQ==",
          "dependencies": [
            "aws_cloudwatch_log_group.ecs",
            "aws_ecr_repository.app",
            "aws_ecs_cluster.main",
            "aws_ecs_service.app",
            "aws_ecs_task_definition.app",
            "aws_iam_role.ecs_task",
            "aws_iam_role.ecs_task_execution",
            "aws_lb_listener.app_https",
            "aws_lb_target_group.app",
            "aws_s3_bucket.backups",
            "aws_s3_bucket.logs",
            "aws_s3_bucket.voice_recordings",
            "aws_secretsmanager_secret.app_secrets",
            "aws_secretsmanager_secret.db_credentials",
            "aws_security_group.ecs",
            "aws_subnet.private"
          ]
        }
      ]
    },
    {
      "mode": "managed",
      "type": "aws_db_instance",
      "name": "main",
      "provider": "provider[\"registry.terraform.io/hashicorp/aws\"]",
      "instances": [
        {
          "schema_version": 2,
          "attributes": {
            "address": "silversupport-alpha-database.ck5qswe0woij.us-east-1.rds.amazonaws.com",
            "allocated_storage": 20,
            "allow_major_version_upgrade": null,
            "apply_immediately": false,
            "arn": "arn:aws:rds:us-east-1:276824025294:db:silversupport-alpha-database",
            "auto_minor_version_upgrade": true,
            "availability_zone": "us-east-1b",
            "backup_retention_period": 7,
            "backup_target": "region",
            "backup_window": "03:00-04:00",
            "blue_green_update": [],
            "ca_cert_identifier": "rds-ca-rsa2048-g1",
            "character_set_name": "",
            "copy_tags_to_snapshot": false,
            "custom_iam_instance_profile": "",
            "customer_owned_ip_enabled": false,
            "database_insights_mode": "standard",
            "db_name": "silversupport_alpha",
            "db_subnet_group_name": "silversupport-alpha-db-subnet-group",
            "dedicated_log_volume": false,
            "delete_automated_backups": true,
            "deletion_protection": false,
            "domain": "",
            "domain_auth_secret_arn": "",
            "domain_dns_ips": [],
            "domain_fqdn": "",
            "domain_iam_role_name": "",
            "domain_ou": "",
            "enabled_cloudwatch_logs_exports": [],
            "endpoint": "silversupport-alpha-database.ck5qswe0woij.us-east-1.rds.amazonaws.com:5432",
            "engine": "postgres",
            "engine_lifecycle_support": "open-source-rds-extended-support",
            "engine_version": "15.7",
            "engine_version_actual": "15.7",
            "final_snapshot_identifier": null,
            "hosted_zone_id": "Z2R2ITUGPM61AM",
            "iam_database_authentication_enabled": false,
            "id": "db-RG6COGGRYBRJK67VYC4PR55JOE",
            "identifier": "silversupport-alpha-database",
            "identifier_prefix": "",
            "instance_class": "db.t3.micro",
            "iops": 0,
            "kms_key_id": "arn:aws:kms:us-east-1:276824025294:key/562f1c9e-1cf1-4de8-aa0c-c339c58fe917",
            "latest_restorable_time": "2025-08-14T17:24:28Z",
            "license_model": "postgresql-license",
            "listener_endpoint": [],
            "maintenance_window": "sun:04:00-sun:05:00",
            "manage_master_user_password": null,
            "master_user_secret": [],
            "master_user_secret_kms_key_id": null,
            "max_allocated_storage": 100,
            "monitoring_interval": 60,
            "monitoring_role_arn": "arn:aws:iam::276824025294:role/silversupport-alpha-rds-monitoring-role",
            "multi_az": false,
            "nchar_character_set_name": "",
            "network_type": "IPV4",
            "option_group_name": "default:postgres-15",
            "parameter_group_name": "silversupport-alpha-db-params",
            "password": "QIVwt\u0026wGO(PTiVx{(u9biPvXz\u003ezxF368",
            "password_wo": null,
            "password_wo_version": null,
            "performance_insights_enabled": true,
            "performance_insights_kms_key_id": "arn:aws:kms:us-east-1:276824025294:key/562f1c9e-1cf1-4de8-aa0c-c339c58fe917",
            "performance_insights_retention_period": 7,
            "port": 5432,
            "publicly_accessible": false,
            "replica_mode": "",
            "replicas": [],
            "replicate_source_db": "",
            "resource_id": "db-RG6COGGRYBRJK67VYC4PR55JOE",
            "restore_to_point_in_time": [],
            "s3_import": [],
            "skip_final_snapshot": true,
            "snapshot_identifier": null,
            "status": "available",
            "storage_encrypted": true,
            "storage_throughput": 0,
            "storage_type": "gp2",
            "tags": {
              "Environment": "alpha",
              "Name": "silversupport-alpha-database",
              "Project": "SilverSupport",
              "Terraform": "true"
            },
            "tags_all": {
              "Environment": "alpha",
              "ManagedBy": "Terraform",
              "Name": "silversupport-alpha-database",
              "Owner": "Aspire-Admin",
              "Project": "SilverSupport",
              "Terraform": "true"
            },
            "timeouts": null,
            "timezone": "",
            "upgrade_storage_config": null,
            "username": "silversupport_admin",
            "vpc_security_group_ids": [
              "sg-0fa4cbc54e7298215"
            ]
          },
          "sensitive_attributes": [
            [
              {
                "type": "get_attr",
                "value": "password"
              }
            ]
          ],
          "private": "eyJlMmJmYjczMC1lY2FhLTExZTYtOGY4OC0zNDM2M2JjN2M0YzAiOnsiY3JlYXRlIjozMDAwMDAwMDAwMDAwLCJkZWxldGUiOjM2MDAwMDAwMDAwMDAsInVwZGF0ZSI6NDgwMDAwMDAwMDAwMH0sInNjaGVtYV92ZXJzaW9uIjoiMiJ9",
          "dependencies": [
            "aws_db_parameter_group.main",
            "aws_db_subnet_group.main",
            "aws_iam_role.rds_monitoring",
            "aws_security_group.alb",
            "aws_security_group.ecs",
            "aws_security_group.rds",
            "aws_subnet.private",
            "aws_vpc.main",
            "data.aws_availability_zones.available",
            "random_password.db_password"
          ]
        }
      ]
    },
    {
      "mode": "managed",
      "type": "aws_db_parameter_group",
      "name": "main",
      "provider": "provider[\"registry.terraform.io/hashicorp/aws\"]",
      "instances": [
        {
          "schema_version": 0,
          "attributes": {
            "arn": "arn:aws:rds:us-east-1:276824025294:pg:silversupport-alpha-db-params",
            "description": "Managed by Terraform",
            "family": "postgres15",
            "id": "silversupport-alpha-db-params",
            "name": "silversupport-alpha-db-params",
            "name_prefix": "",
            "parameter": [
              {
                "apply_method": "immediate",
                "name": "log_min_duration_statement",
                "value": "1000"
              },
              {
                "apply_method": "immediate",
                "name": "log_statement",
                "value": "all"
              }
            ],
            "skip_destroy": false,
            "tags": {
              "Environment": "alpha",
              "Project": "SilverSupport",
              "Terraform": "true"
            },
            "tags_all": {
              "Environment": "alpha",
              "ManagedBy": "Terraform",
              "Owner": "Aspire-Admin",
              "Project": "SilverSupport",
              "Terraform": "true"
            }
          },
          "sensitive_attributes": [],
          "private": "bnVsbA=="
        }
      ]
    },
    {
      "mode": "managed",
      "type": "aws_db_subnet_group",
      "name": "main",
      "provider": "provider[\"registry.terraform.io/hashicorp/aws\"]",
      "instances": [
        {
          "schema_version": 0,
          "attributes": {
            "arn": "arn:aws:rds:us-east-1:276824025294:subgrp:silversupport-alpha-db-subnet-group",
            "description": "Managed by Terraform",
            "id": "silversupport-alpha-db-subnet-group",
            "name": "silversupport-alpha-db-subnet-group",
            "name_prefix": "",
            "subnet_ids": [
              "subnet-02c3046db54bfe84a",
              "subnet-0a27cd77d546a8e19"
            ],
            "supported_network_types": [
              "IPV4"
            ],
            "tags": {
              "Environment": "alpha",
              "Name": "silversupport-alpha-db-subnet-group",
              "Project": "SilverSupport",
              "Terraform": "true"
            },
            "tags_all": {
              "Environment": "alpha",
              "ManagedBy": "Terraform",
              "Name": "silversupport-alpha-db-subnet-group",
              "Owner": "Aspire-Admin",
              "Project": "SilverSupport",
              "Terraform": "true"
            },
            "vpc_id": "vpc-0bb2ba8aafc808e12"
          },
          "sensitive_attributes": [],
          "private": "bnVsbA==",
          "dependencies": [
            "aws_subnet.private",
            "aws_vpc.main",
            "data.aws_availability_zones.available"
          ]
        }
      ]
    },
    {
      "mode": "managed",
      "type": "aws_ecr_repository",
      "name": "app",
      "provider": "provider[\"registry.terraform.io/hashicorp/aws\"]",
      "instances": [
        {
          "schema_version": 0,
          "attributes": {
            "arn": "arn:aws:ecr:us-east-1:276824025294:repository/silversupport-alpha-app",
            "encryption_configuration": [
              {
                "encryption_type": "AES256",
                "kms_key": ""
              }
            ],
            "force_delete": null,
            "id": "silversupport-alpha-app",
            "image_scanning_configuration": [
              {
                "scan_on_push": true
              }
            ],
            "image_tag_mutability": "MUTABLE",
            "name": "silversupport-alpha-app",
            "registry_id": "276824025294",
            "repository_url": "276824025294.dkr.ecr.us-east-1.amazonaws.com/silversupport-alpha-app",
            "tags": {
              "Environment": "alpha",
              "Project": "SilverSupport",
              "Terraform": "true"
            },
            "tags_all": {
              "Environment": "alpha",
              "ManagedBy": "Terraform",
              "Owner": "Aspire-Admin",
              "Project": "SilverSupport",
              "Terraform": "true"
            },
            "timeouts": null
          },
          "sensitive_attributes": [],
          "private": "eyJlMmJmYjczMC1lY2FhLTExZTYtOGY4OC0zNDM2M2JjN2M0YzAiOnsiZGVsZXRlIjoxMjAwMDAwMDAwMDAwfX0="
        }
      ]
    },
    {
      "mode": "managed",
      "type": "aws_ecs_cluster",
      "name": "main",
      "provider": "provider[\"registry.terraform.io/hashicorp/aws\"]",
      "instances": [
        {
          "schema_version": 0,
          "attributes": {
            "arn": "arn:aws:ecs:us-east-1:276824025294:cluster/silversupport-alpha-cluster",
            "configuration": [
              {
                "execute_command_configuration": [
                  {
                    "kms_key_id": "",
                    "log_configuration": [
                      {
                        "cloud_watch_encryption_enabled": false,
                        "cloud_watch_log_group_name": "/ecs/silversupport-alpha",
                        "s3_bucket_encryption_enabled": false,
                        "s3_bucket_name": "",
                        "s3_key_prefix": ""
                      }
                    ],
                    "logging": "OVERRIDE"
                  }
                ],
                "managed_storage_configuration": []
              }
            ],
            "id": "arn:aws:ecs:us-east-1:276824025294:cluster/silversupport-alpha-cluster",
            "name": "silversupport-alpha-cluster",
            "service_connect_defaults": [],
            "setting": [
              {
                "name": "containerInsights",
                "value": "disabled"
              }
            ],
            "tags": {
              "Environment": "alpha",
              "Project": "SilverSupport",
              "Terraform": "true"
            },
            "tags_all": {
              "Environment": "alpha",
              "ManagedBy": "Terraform",
              "Owner": "Aspire-Admin",
              "Project": "SilverSupport",
              "Terraform": "true"
            }
          },
          "sensitive_attributes": [],
          "private": "bnVsbA==",
          "dependencies": [
            "aws_cloudwatch_log_group.ecs"
          ]
        }
      ]
    },
    {
      "mode": "managed",
      "type": "aws_ecs_cluster_capacity_providers",
      "name": "main",
      "provider": "provider[\"registry.terraform.io/hashicorp/aws\"]",
      "instances": [
        {
          "schema_version": 0,
          "attributes": {
            "capacity_providers": [
              "FARGATE",
              "FARGATE_SPOT"
            ],
            "cluster_name": "silversupport-alpha-cluster",
            "default_capacity_provider_strategy": [
              {
                "base": 1,
                "capacity_provider": "FARGATE",
                "weight": 100
              }
            ],
            "id": "silversupport-alpha-cluster"
          },
          "sensitive_attributes": [],
          "private": "bnVsbA==",
          "dependencies": [
            "aws_cloudwatch_log_group.ecs",
            "aws_ecs_cluster.main"
          ]
        }
      ]
    },
    {
      "mode": "managed",
      "type": "aws_ecs_service",
      "name": "app",
      "provider": "provider[\"registry.terraform.io/hashicorp/aws\"]",
      "instances": [
        {
          "schema_version": 1,
          "attributes": {
            "alarms": [],
            "availability_zone_rebalancing": "DISABLED",
            "capacity_provider_strategy": [],
            "cluster": "arn:aws:ecs:us-east-1:276824025294:cluster/silversupport-alpha-cluster",
            "deployment_circuit_breaker": [
              {
                "enable": false,
                "rollback": false
              }
            ],
            "deployment_controller": [
              {
                "type": "ECS"
              }
            ],
            "deployment_maximum_percent": 200,
            "deployment_minimum_healthy_percent": 100,
            "desired_count": 2,
            "enable_ecs_managed_tags": false,
            "enable_execute_command": false,
            "force_delete": null,
            "force_new_deployment": null,
            "health_check_grace_period_seconds": 0,
            "iam_role": "/aws-service-role/ecs.amazonaws.com/AWSServiceRoleForECS",
            "id": "arn:aws:ecs:us-east-1:276824025294:service/silversupport-alpha-cluster/silversupport-alpha-service",
            "launch_type": "FARGATE",
            "load_balancer": [
              {
                "container_name": "silversupport-app",
                "container_port": 3000,
                "elb_name": "",
                "target_group_arn": "arn:aws:elasticloadbalancing:us-east-1:276824025294:targetgroup/silversupport-alpha-app-tg/12caddb7a6578e17"
              }
            ],
            "name": "silversupport-alpha-service",
            "network_configuration": [
              {
                "assign_public_ip": false,
                "security_groups": [
                  "sg-0c8c2ef7f771ed4ca"
                ],
                "subnets": [
                  "subnet-02c3046db54bfe84a",
                  "subnet-0a27cd77d546a8e19"
                ]
              }
            ],
            "ordered_placement_strategy": [],
            "placement_constraints": [],
            "platform_version": "LATEST",
            "propagate_tags": "NONE",
            "scheduling_strategy": "REPLICA",
            "service_connect_configuration": [],
            "service_registries": [],
            "tags": {
              "Environment": "alpha",
              "Project": "SilverSupport",
              "Terraform": "true"
            },
            "tags_all": {
              "Environment": "alpha",
              "ManagedBy": "Terraform",
              "Owner": "Aspire-Admin",
              "Project": "SilverSupport",
              "Terraform": "true"
            },
            "task_definition": "arn:aws:ecs:us-east-1:276824025294:task-definition/silversupport-alpha-app:2",
            "timeouts": null,
            "triggers": {},
            "volume_configuration": [],
            "vpc_lattice_configurations": [],
            "wait_for_steady_state": false
          },
          "sensitive_attributes": [],
          "private": "eyJlMmJmYjczMC1lY2FhLTExZTYtOGY4OC0zNDM2M2JjN2M0YzAiOnsiY3JlYXRlIjoxMjAwMDAwMDAwMDAwLCJkZWxldGUiOjEyMDAwMDAwMDAwMDAsInVwZGF0ZSI6MTIwMDAwMDAwMDAwMH0sInNjaGVtYV92ZXJzaW9uIjoiMSJ9",
          "dependencies": [
            "aws_cloudwatch_log_group.ecs",
            "aws_ecr_repository.app",
            "aws_ecs_cluster.main",
            "aws_ecs_task_definition.app",
            "aws_iam_role.ecs_task",
            "aws_iam_role.ecs_task_execution",
            "aws_lb_listener.app_https",
            "aws_lb_target_group.app",
            "aws_s3_bucket.backups",
            "aws_s3_bucket.logs",
            "aws_s3_bucket.voice_recordings",
            "aws_secretsmanager_secret.app_secrets",
            "aws_secretsmanager_secret.db_credentials",
            "aws_security_group.ecs",
            "aws_subnet.private"
          ]
        }
      ]
    },
    {
      "mode": "managed",
      "type": "aws_ecs_task_definition",
      "name": "app",
      "provider": "provider[\"registry.terraform.io/hashicorp/aws\"]",
      "instances": [
        {
          "schema_version": 1,
          "attributes": {
            "arn": "arn:aws:ecs:us-east-1:276824025294:task-definition/silversupport-alpha-app:2",
            "arn_without_revision": "arn:aws:ecs:us-east-1:276824025294:task-definition/silversupport-alpha-app",
            "container_definitions": "[{\"environment\":[{\"name\":\"AWS_REGION\",\"value\":\"us-east-1\"},{\"name\":\"CLOUDWATCH_LOG_GROUP\",\"value\":\"/ecs/silversupport-alpha\"},{\"name\":\"NODE_ENV\",\"value\":\"alpha\"},{\"name\":\"PORT\",\"value\":\"3000\"},{\"name\":\"S3_BUCKET_BACKUPS\",\"value\":\"silversupport-alpha-backups\"},{\"name\":\"S3_BUCKET_LOGS\",\"value\":\"silversupport-alpha-logs\"},{\"name\":\"S3_BUCKET_VOICE\",\"value\":\"silversupport-alpha-voice-recordings\"}],\"essential\":true,\"healthCheck\":{\"command\":[\"CMD-SHELL\",\"curl -f http://localhost:3000/health || exit 1\"],\"interval\":30,\"retries\":3,\"startPeriod\":60,\"timeout\":5},\"image\":\"276824025294.dkr.ecr.us-east-1.amazonaws.com/silversupport-alpha-app:latest\",\"logConfiguration\":{\"logDriver\":\"awslogs\",\"options\":{\"awslogs-region\":\"us-east-1\",\"awslogs-stream-prefix\":\"ecs\",\"awslogs-group\":\"/ecs/silversupport-alpha\"}},\"mountPoints\":[],\"name\":\"silversupport-app\",\"portMappings\":[{\"containerPort\":3000,\"hostPort\":3000,\"protocol\":\"tcp\"}],\"secrets\":[{\"name\":\"DATABASE_URL\",\"valueFrom\":\"arn:aws:secretsmanager:us-east-1:276824025294:secret:silversupport-alpha-db-credentials-F9Li0W:engine::\"},{\"name\":\"DB_HOST\",\"valueFrom\":\"arn:aws:secretsmanager:us-east-1:276824025294:secret:silversupport-alpha-db-credentials-F9Li0W:host::\"},{\"name\":\"DB_NAME\",\"valueFrom\":\"arn:aws:secretsmanager:us-east-1:276824025294:secret:silversupport-alpha-db-credentials-F9Li0W:dbname::\"},{\"name\":\"DB_PASSWORD\",\"valueFrom\":\"arn:aws:secretsmanager:us-east-1:276824025294:secret:silversupport-alpha-db-credentials-F9Li0W:password::\"},{\"name\":\"DB_PORT\",\"valueFrom\":\"arn:aws:secretsmanager:us-east-1:276824025294:secret:silversupport-alpha-db-credentials-F9Li0W:port::\"},{\"name\":\"DB_USER\",\"valueFrom\":\"arn:aws:secretsmanager:us-east-1:276824025294:secret:silversupport-alpha-db-credentials-F9Li0W:username::\"},{\"name\":\"ENCRYPTION_KEY\",\"valueFrom\":\"arn:aws:secretsmanager:us-east-1:276824025294:secret:silversupport-alpha-app-secrets-hyu1j7:ENCRYPTION_KEY::\"},{\"name\":\"JWT_SECRET\",\"valueFrom\":\"arn:aws:secretsmanager:us-east-1:276824025294:secret:silversupport-alpha-app-secrets-hyu1j7:JWT_SECRET::\"},{\"name\":\"SESSION_SECRET\",\"valueFrom\":\"arn:aws:secretsmanager:us-east-1:276824025294:secret:silversupport-alpha-app-secrets-hyu1j7:SESSION_SECRET::\"}],\"systemControls\":[],\"volumesFrom\":[]}]",
            "cpu": "1024",
            "enable_fault_injection": false,
            "ephemeral_storage": [],
            "execution_role_arn": "arn:aws:iam::276824025294:role/silversupport-alpha-ecs-task-execution-role",
            "family": "silversupport-alpha-app",
            "id": "silversupport-alpha-app",
            "inference_accelerator": [],
            "ipc_mode": "",
            "memory": "2048",
            "network_mode": "awsvpc",
            "pid_mode": "",
            "placement_constraints": [],
            "proxy_configuration": [],
            "requires_compatibilities": [
              "FARGATE"
            ],
            "revision": 2,
            "runtime_platform": [],
            "skip_destroy": false,
            "tags": {
              "Environment": "alpha",
              "Project": "SilverSupport",
              "Terraform": "true"
            },
            "tags_all": {
              "Environment": "alpha",
              "ManagedBy": "Terraform",
              "Owner": "Aspire-Admin",
              "Project": "SilverSupport",
              "Terraform": "true"
            },
            "task_role_arn": "arn:aws:iam::276824025294:role/silversupport-alpha-ecs-task-role",
            "track_latest": false,
            "volume": []
          },
          "sensitive_attributes": [],
          "private": "eyJzY2hlbWFfdmVyc2lvbiI6IjEifQ==",
          "dependencies": [
            "aws_cloudwatch_log_group.ecs",
            "aws_ecr_repository.app",
            "aws_iam_role.ecs_task",
            "aws_iam_role.ecs_task_execution",
            "aws_s3_bucket.backups",
            "aws_s3_bucket.logs",
            "aws_s3_bucket.voice_recordings",
            "aws_secretsmanager_secret.app_secrets",
            "aws_secretsmanager_secret.db_credentials"
          ]
        }
      ]
    },
    {
      "mode": "managed",
      "type": "aws_eip",
      "name": "nat",
      "provider": "provider[\"registry.terraform.io/hashicorp/aws\"]",
      "instances": [
        {
          "schema_version": 0,
          "attributes": {
            "address": null,
            "allocation_id": "eipalloc-0ea44e3e904824109",
            "arn": "arn:aws:ec2:us-east-1:276824025294:elastic-ip/eipalloc-0ea44e3e904824109",
            "associate_with_private_ip": null,
            "association_id": "eipassoc-00186f557a4d28e1c",
            "carrier_ip": "",
            "customer_owned_ip": "",
            "customer_owned_ipv4_pool": "",
            "domain": "vpc",
            "id": "eipalloc-0ea44e3e904824109",
            "instance": "",
            "ipam_pool_id": null,
            "network_border_group": "us-east-1",
            "network_interface": "eni-02842738eab1f27cc",
            "private_dns": "ip-10-0-1-47.ec2.internal",
            "private_ip": "10.0.1.47",
            "ptr_record": "",
            "public_dns": "ec2-34-226-241-203.compute-1.amazonaws.com",
            "public_ip": "34.226.241.203",
            "public_ipv4_pool": "amazon",
            "tags": {
              "Environment": "alpha",
              "Name": "silversupport-alpha-nat-eip",
              "Project": "SilverSupport",
              "Terraform": "true"
            },
            "tags_all": {
              "Environment": "alpha",
              "ManagedBy": "Terraform",
              "Name": "silversupport-alpha-nat-eip",
              "Owner": "Aspire-Admin",
              "Project": "SilverSupport",
              "Terraform": "true"
            },
            "timeouts": null,
            "vpc": true
          },
          "sensitive_attributes": [],
          "private": "eyJlMmJmYjczMC1lY2FhLTExZTYtOGY4OC0zNDM2M2JjN2M0YzAiOnsiZGVsZXRlIjoxODAwMDAwMDAwMDAsInJlYWQiOjkwMDAwMDAwMDAwMCwidXBkYXRlIjozMDAwMDAwMDAwMDB9fQ==",
          "dependencies": [
            "aws_internet_gateway.main",
            "aws_vpc.main"
          ]
        }
      ]
    },
    {
      "mode": "managed",
      "type": "aws_iam_role",
      "name": "ecs_task",
      "provider": "provider[\"registry.terraform.io/hashicorp/aws\"]",
      "instances": [
        {
          "schema_version": 0,
          "attributes": {
            "arn": "arn:aws:iam::276824025294:role/silversupport-alpha-ecs-task-role",
            "assume_role_policy": "{\"Statement\":[{\"Action\":\"sts:AssumeRole\",\"Effect\":\"Allow\",\"Principal\":{\"Service\":\"ecs-tasks.amazonaws.com\"}}],\"Version\":\"2012-10-17\"}",
            "create_date": "2025-08-14T17:14:43Z",
            "description": "",
            "force_detach_policies": false,
            "id": "silversupport-alpha-ecs-task-role",
            "inline_policy": [],
            "managed_policy_arns": [],
            "max_session_duration": 3600,
            "name": "silversupport-alpha-ecs-task-role",
            "name_prefix": "",
            "path": "/",
            "permissions_boundary": "",
            "tags": {
              "Environment": "alpha",
              "Project": "SilverSupport",
              "Terraform": "true"
            },
            "tags_all": {
              "Environment": "alpha",
              "ManagedBy": "Terraform",
              "Owner": "Aspire-Admin",
              "Project": "SilverSupport",
              "Terraform": "true"
            },
            "unique_id": "AROAUA477NDHKFI4W7JUC"
          },
          "sensitive_attributes": [],
          "private": "bnVsbA=="
        }
      ]
    },
    {
      "mode": "managed",
      "type": "aws_iam_role",
      "name": "ecs_task_execution",
      "provider": "provider[\"registry.terraform.io/hashicorp/aws\"]",
      "instances": [
        {
          "schema_version": 0,
          "attributes": {
            "arn": "arn:aws:iam::276824025294:role/silversupport-alpha-ecs-task-execution-role",
            "assume_role_policy": "{\"Statement\":[{\"Action\":\"sts:AssumeRole\",\"Effect\":\"Allow\",\"Principal\":{\"Service\":\"ecs-tasks.amazonaws.com\"}}],\"Version\":\"2012-10-17\"}",
            "create_date": "2025-08-14T17:14:43Z",
            "description": "",
            "force_detach_policies": false,
            "id": "silversupport-alpha-ecs-task-execution-role",
            "inline_policy": [],
            "managed_policy_arns": [
              "arn:aws:iam::aws:policy/service-role/AmazonECSTaskExecutionRolePolicy"
            ],
            "max_session_duration": 3600,
            "name": "silversupport-alpha-ecs-task-execution-role",
            "name_prefix": "",
            "path": "/",
            "permissions_boundary": "",
            "tags": {
              "Environment": "alpha",
              "Project": "SilverSupport",
              "Terraform": "true"
            },
            "tags_all": {
              "Environment": "alpha",
              "ManagedBy": "Terraform",
              "Owner": "Aspire-Admin",
              "Project": "SilverSupport",
              "Terraform": "true"
            },
            "unique_id": "AROAUA477NDHOXAQU4SHT"
          },
          "sensitive_attributes": [],
          "private": "bnVsbA=="
        }
      ]
    },
    {
      "mode": "managed",
      "type": "aws_iam_role",
      "name": "rds_monitoring",
      "provider": "provider[\"registry.terraform.io/hashicorp/aws\"]",
      "instances": [
        {
          "schema_version": 0,
          "attributes": {
            "arn": "arn:aws:iam::276824025294:role/silversupport-alpha-rds-monitoring-role",
            "assume_role_policy": "{\"Statement\":[{\"Action\":\"sts:AssumeRole\",\"Effect\":\"Allow\",\"Principal\":{\"Service\":\"monitoring.rds.amazonaws.com\"}}],\"Version\":\"2012-10-17\"}",
            "create_date": "2025-08-14T17:14:43Z",
            "description": "",
            "force_detach_policies": false,
            "id": "silversupport-alpha-rds-monitoring-role",
            "inline_policy": [],
            "managed_policy_arns": [
              "arn:aws:iam::aws:policy/service-role/AmazonRDSEnhancedMonitoringRole"
            ],
            "max_session_duration": 3600,
            "name": "silversupport-alpha-rds-monitoring-role",
            "name_prefix": "",
            "path": "/",
            "permissions_boundary": "",
            "tags": {
              "Environment": "alpha",
              "Project": "SilverSupport",
              "Terraform": "true"
            },
            "tags_all": {
              "Environment": "alpha",
              "ManagedBy": "Terraform",
              "Owner": "Aspire-Admin",
              "Project": "SilverSupport",
              "Terraform": "true"
            },
            "unique_id": "AROAUA477NDHP4NVKK73J"
          },
          "sensitive_attributes": [],
          "private": "bnVsbA=="
        }
      ]
    },
    {
      "mode": "managed",
      "type": "aws_iam_role_policy",
      "name": "ecs_task",
      "provider": "provider[\"registry.terraform.io/hashicorp/aws\"]",
      "instances": [
        {
          "schema_version": 0,
          "attributes": {
            "id": "silversupport-alpha-ecs-task-role:silversupport-alpha-ecs-task-policy",
            "name": "silversupport-alpha-ecs-task-policy",
            "name_prefix": "",
            "policy": "{\"Version\":\"2012-10-17\",\"Statement\":[{\"Action\":[\"s3:GetObject\",\"s3:PutObject\",\"s3:DeleteObject\"],\"Effect\":\"Allow\",\"Resource\":[\"arn:aws:s3:::silversupport-alpha-voice-recordings/*\",\"arn:aws:s3:::silversupport-alpha-logs/*\",\"arn:aws:s3:::silversupport-alpha-backups/*\"]},{\"Action\":[\"s3:ListBucket\"],\"Effect\":\"Allow\",\"Resource\":[\"arn:aws:s3:::silversupport-alpha-voice-recordings\",\"arn:aws:s3:::silversupport-alpha-logs\",\"arn:aws:s3:::silversupport-alpha-backups\"]},{\"Action\":[\"secretsmanager:GetSecretValue\"],\"Effect\":\"Allow\",\"Resource\":[\"arn:aws:secretsmanager:us-east-1:276824025294:secret:silversupport-alpha-db-credentials-F9Li0W\",\"arn:aws:secretsmanager:us-east-1:276824025294:secret:silversupport-alpha-app-secrets-hyu1j7\"]},{\"Action\":[\"logs:CreateLogStream\",\"logs:PutLogEvents\"],\"Effect\":\"Allow\",\"Resource\":\"arn:aws:logs:us-east-1:276824025294:log-group:/ecs/silversupport-alpha:*\"}]}",
            "role": "silversupport-alpha-ecs-task-role"
          },
          "sensitive_attributes": [],
          "private": "bnVsbA==",
          "dependencies": [
            "aws_cloudwatch_log_group.ecs",
            "aws_iam_role.ecs_task",
            "aws_s3_bucket.backups",
            "aws_s3_bucket.logs",
            "aws_s3_bucket.voice_recordings",
            "aws_secretsmanager_secret.app_secrets",
            "aws_secretsmanager_secret.db_credentials"
          ]
        }
      ]
    },
    {
      "mode": "managed",
      "type": "aws_iam_role_policy",
      "name": "ecs_task_execution_additional",
      "provider": "provider[\"registry.terraform.io/hashicorp/aws\"]",
      "instances": [
        {
          "schema_version": 0,
          "attributes": {
            "id": "silversupport-alpha-ecs-task-execution-role:silversupport-alpha-ecs-task-execution-additional",
            "name": "silversupport-alpha-ecs-task-execution-additional",
            "name_prefix": "",
            "policy": "{\"Version\":\"2012-10-17\",\"Statement\":[{\"Action\":[\"secretsmanager:GetSecretValue\",\"secretsmanager:DescribeSecret\"],\"Effect\":\"Allow\",\"Resource\":[\"arn:aws:secretsmanager:us-east-1:276824025294:secret:silversupport-alpha-db-credentials-F9Li0W\",\"arn:aws:secretsmanager:us-east-1:276824025294:secret:silversupport-alpha-app-secrets-hyu1j7\"]},{\"Action\":[\"ssm:GetParameters\",\"ssm:GetParameter\"],\"Effect\":\"Allow\",\"Resource\":\"arn:aws:ssm:us-east-1:276824025294:parameter/silversupport-alpha/*\"}]}",
            "role": "silversupport-alpha-ecs-task-execution-role"
          },
          "sensitive_attributes": [],
          "private": "bnVsbA==",
          "dependencies": [
            "aws_iam_role.ecs_task_execution",
            "aws_secretsmanager_secret.app_secrets",
            "aws_secretsmanager_secret.db_credentials",
            "data.aws_caller_identity.current"
          ]
        }
      ]
    },
    {
      "mode": "managed",
      "type": "aws_iam_role_policy_attachment",
      "name": "ecs_task_execution",
      "provider": "provider[\"registry.terraform.io/hashicorp/aws\"]",
      "instances": [
        {
          "schema_version": 0,
          "attributes": {
            "id": "silversupport-alpha-ecs-task-execution-role-20250814171443882500000004",
            "policy_arn": "arn:aws:iam::aws:policy/service-role/AmazonECSTaskExecutionRolePolicy",
            "role": "silversupport-alpha-ecs-task-execution-role"
          },
          "sensitive_attributes": [],
          "private": "bnVsbA==",
          "dependencies": [
            "aws_iam_role.ecs_task_execution"
          ]
        }
      ]
    },
    {
      "mode": "managed",
      "type": "aws_iam_role_policy_attachment",
      "name": "rds_monitoring",
      "provider": "provider[\"registry.terraform.io/hashicorp/aws\"]",
      "instances": [
        {
          "schema_version": 0,
          "attributes": {
            "id": "silversupport-alpha-rds-monitoring-role-20250814171444071900000005",
            "policy_arn": "arn:aws:iam::aws:policy/service-role/AmazonRDSEnhancedMonitoringRole",
            "role": "silversupport-alpha-rds-monitoring-role"
          },
          "sensitive_attributes": [],
          "private": "bnVsbA==",
          "dependencies": [
            "aws_iam_role.rds_monitoring"
          ]
        }
      ]
    },
    {
      "mode": "managed",
      "type": "aws_internet_gateway",
      "name": "main",
      "provider": "provider[\"registry.terraform.io/hashicorp/aws\"]",
      "instances": [
        {
          "schema_version": 0,
          "attributes": {
            "arn": "arn:aws:ec2:us-east-1:276824025294:internet-gateway/igw-079fb8ec9607feb6d",
            "id": "igw-079fb8ec9607feb6d",
            "owner_id": "276824025294",
            "tags": {
              "Environment": "alpha",
              "Name": "silversupport-alpha-igw",
              "Project": "SilverSupport",
              "Terraform": "true"
            },
            "tags_all": {
              "Environment": "alpha",
              "ManagedBy": "Terraform",
              "Name": "silversupport-alpha-igw",
              "Owner": "Aspire-Admin",
              "Project": "SilverSupport",
              "Terraform": "true"
            },
            "timeouts": null,
            "vpc_id": "vpc-0bb2ba8aafc808e12"
          },
          "sensitive_attributes": [],
          "private": "eyJlMmJmYjczMC1lY2FhLTExZTYtOGY4OC0zNDM2M2JjN2M0YzAiOnsiY3JlYXRlIjoxMjAwMDAwMDAwMDAwLCJkZWxldGUiOjEyMDAwMDAwMDAwMDAsInVwZGF0ZSI6MTIwMDAwMDAwMDAwMH19",
          "dependencies": [
            "aws_vpc.main"
          ]
        }
      ]
    },
    {
      "mode": "managed",
      "type": "aws_lb",
      "name": "main",
      "provider": "provider[\"registry.terraform.io/hashicorp/aws\"]",
      "instances": [
        {
          "schema_version": 0,
          "attributes": {
            "access_logs": [
              {
                "bucket": "silversupport-alpha-logs",
                "enabled": true,
                "prefix": "alb-access-logs"
              }
            ],
            "arn": "arn:aws:elasticloadbalancing:us-east-1:276824025294:loadbalancer/app/silversupport-alpha-alb/755cf36cee3581df",
            "arn_suffix": "app/silversupport-alpha-alb/755cf36cee3581df",
            "client_keep_alive": 3600,
            "connection_logs": [
              {
                "bucket": "",
                "enabled": false,
                "prefix": ""
              }
            ],
            "customer_owned_ipv4_pool": "",
            "desync_mitigation_mode": "defensive",
            "dns_name": "silversupport-alpha-alb-1192425198.us-east-1.elb.amazonaws.com",
            "dns_record_client_routing_policy": null,
            "drop_invalid_header_fields": false,
            "enable_cross_zone_load_balancing": true,
            "enable_deletion_protection": false,
            "enable_http2": true,
            "enable_tls_version_and_cipher_suite_headers": false,
            "enable_waf_fail_open": false,
            "enable_xff_client_port": false,
            "enable_zonal_shift": false,
            "enforce_security_group_inbound_rules_on_private_link_traffic": "",
            "id": "arn:aws:elasticloadbalancing:us-east-1:276824025294:loadbalancer/app/silversupport-alpha-alb/755cf36cee3581df",
            "idle_timeout": 60,
            "internal": false,
            "ip_address_type": "ipv4",
            "ipam_pools": [],
            "load_balancer_type": "application",
            "minimum_load_balancer_capacity": [],
            "name": "silversupport-alpha-alb",
            "name_prefix": "",
            "preserve_host_header": false,
            "security_groups": [
              "sg-0f97389a8dd7d819d"
            ],
            "subnet_mapping": [
              {
                "allocation_id": "",
                "ipv6_address": "",
                "outpost_id": "",
                "private_ipv4_address": "",
                "subnet_id": "subnet-007698f3873151b29"
              },
              {
                "allocation_id": "",
                "ipv6_address": "",
                "outpost_id": "",
                "private_ipv4_address": "",
                "subnet_id": "subnet-0283e507f0b1e3595"
              }
            ],
            "subnets": [
              "subnet-007698f3873151b29",
              "subnet-0283e507f0b1e3595"
            ],
            "tags": {
              "Environment": "alpha",
              "Project": "SilverSupport",
              "Terraform": "true"
            },
            "tags_all": {
              "Environment": "alpha",
              "ManagedBy": "Terraform",
              "Owner": "Aspire-Admin",
              "Project": "SilverSupport",
              "Terraform": "true"
            },
            "timeouts": null,
            "vpc_id": "vpc-0bb2ba8aafc808e12",
            "xff_header_processing_mode": "append",
            "zone_id": "Z35SXDOTRQ7X7K"
          },
          "sensitive_attributes": [],
          "private": "eyJlMmJmYjczMC1lY2FhLTExZTYtOGY4OC0zNDM2M2JjN2M0YzAiOnsiY3JlYXRlIjo2MDAwMDAwMDAwMDAsImRlbGV0ZSI6NjAwMDAwMDAwMDAwLCJ1cGRhdGUiOjYwMDAwMDAwMDAwMH19",
          "dependencies": [
            "aws_s3_bucket.logs",
            "aws_security_group.alb",
            "aws_subnet.public",
            "aws_vpc.main",
            "data.aws_availability_zones.available"
          ]
        }
      ]
    },
    {
      "mode": "managed",
      "type": "aws_lb_listener",
      "name": "app_http",
      "provider": "provider[\"registry.terraform.io/hashicorp/aws\"]",
      "instances": [
        {
          "schema_version": 0,
          "attributes": {
            "alpn_policy": null,
            "arn": "arn:aws:elasticloadbalancing:us-east-1:276824025294:listener/app/silversupport-alpha-alb/755cf36cee3581df/699000bad4b4e107",
            "certificate_arn": null,
            "default_action": [
              {
                "authenticate_cognito": [],
                "authenticate_oidc": [],
                "fixed_response": [],
                "forward": [],
                "order": 1,
                "redirect": [
                  {
                    "host": "#{host}",
                    "path": "/#{path}",
                    "port": "443",
                    "protocol": "HTTPS",
                    "query": "#{query}",
                    "status_code": "HTTP_301"
                  }
                ],
                "target_group_arn": "",
                "type": "redirect"
              }
            ],
            "id": "arn:aws:elasticloadbalancing:us-east-1:276824025294:listener/app/silversupport-alpha-alb/755cf36cee3581df/699000bad4b4e107",
            "load_balancer_arn": "arn:aws:elasticloadbalancing:us-east-1:276824025294:loadbalancer/app/silversupport-alpha-alb/755cf36cee3581df",
            "mutual_authentication": [],
            "port": 80,
            "protocol": "HTTP",
            "routing_http_request_x_amzn_mtls_clientcert_header_name": null,
            "routing_http_request_x_amzn_mtls_clientcert_issuer_header_name": null,
            "routing_http_request_x_amzn_mtls_clientcert_leaf_header_name": null,
            "routing_http_request_x_amzn_mtls_clientcert_serial_number_header_name": null,
            "routing_http_request_x_amzn_mtls_clientcert_subject_header_name": null,
            "routing_http_request_x_amzn_mtls_clientcert_validity_header_name": null,
            "routing_http_request_x_amzn_tls_cipher_suite_header_name": null,
            "routing_http_request_x_amzn_tls_version_header_name": null,
            "routing_http_response_access_control_allow_credentials_header_value": "",
            "routing_http_response_access_control_allow_headers_header_value": "",
            "routing_http_response_access_control_allow_methods_header_value": "",
            "routing_http_response_access_control_allow_origin_header_value": "",
            "routing_http_response_access_control_expose_headers_header_value": "",
            "routing_http_response_access_control_max_age_header_value": "",
            "routing_http_response_content_security_policy_header_value": "",
            "routing_http_response_server_enabled": true,
            "routing_http_response_strict_transport_security_header_value": "",
            "routing_http_response_x_content_type_options_header_value": "",
            "routing_http_response_x_frame_options_header_value": "",
            "ssl_policy": "",
            "tags": {
              "Environment": "alpha",
              "Project": "SilverSupport",
              "Terraform": "true"
            },
            "tags_all": {
              "Environment": "alpha",
              "ManagedBy": "Terraform",
              "Owner": "Aspire-Admin",
              "Project": "SilverSupport",
              "Terraform": "true"
            },
            "tcp_idle_timeout_seconds": null,
            "timeouts": null
          },
          "sensitive_attributes": [],
          "private": "eyJlMmJmYjczMC1lY2FhLTExZTYtOGY4OC0zNDM2M2JjN2M0YzAiOnsiY3JlYXRlIjozMDAwMDAwMDAwMDAsInVwZGF0ZSI6MzAwMDAwMDAwMDAwfX0=",
          "dependencies": [
            "aws_lb.main",
            "aws_s3_bucket.logs",
            "aws_security_group.alb",
            "aws_subnet.public",
            "aws_vpc.main",
            "data.aws_availability_zones.available"
          ]
        }
      ]
    },
    {
      "mode": "managed",
      "type": "aws_lb_listener",
      "name": "app_https",
      "provider": "provider[\"registry.terraform.io/hashicorp/aws\"]",
      "instances": [
        {
          "schema_version": 0,
          "attributes": {
            "alpn_policy": null,
            "arn": "arn:aws:elasticloadbalancing:us-east-1:276824025294:listener/app/silversupport-alpha-alb/755cf36cee3581df/7dae86a8e30fcc36",
            "certificate_arn": "arn:aws:acm:us-east-1:276824025294:certificate/0af480c4-083f-4913-a359-9e20ff1be1c6",
            "default_action": [
              {
                "authenticate_cognito": [],
                "authenticate_oidc": [],
                "fixed_response": [],
                "forward": [],
                "order": 1,
                "redirect": [],
                "target_group_arn": "arn:aws:elasticloadbalancing:us-east-1:276824025294:targetgroup/silversupport-alpha-app-tg/12caddb7a6578e17",
                "type": "forward"
              }
            ],
            "id": "arn:aws:elasticloadbalancing:us-east-1:276824025294:listener/app/silversupport-alpha-alb/755cf36cee3581df/7dae86a8e30fcc36",
            "load_balancer_arn": "arn:aws:elasticloadbalancing:us-east-1:276824025294:loadbalancer/app/silversupport-alpha-alb/755cf36cee3581df",
            "mutual_authentication": [
              {
                "advertise_trust_store_ca_names": "",
                "ignore_client_certificate_expiry": false,
                "mode": "off",
                "trust_store_arn": ""
              }
            ],
            "port": 443,
            "protocol": "HTTPS",
            "routing_http_request_x_amzn_mtls_clientcert_header_name": "",
            "routing_http_request_x_amzn_mtls_clientcert_issuer_header_name": "",
            "routing_http_request_x_amzn_mtls_clientcert_leaf_header_name": "",
            "routing_http_request_x_amzn_mtls_clientcert_serial_number_header_name": "",
            "routing_http_request_x_amzn_mtls_clientcert_subject_header_name": "",
            "routing_http_request_x_amzn_mtls_clientcert_validity_header_name": "",
            "routing_http_request_x_amzn_tls_cipher_suite_header_name": "",
            "routing_http_request_x_amzn_tls_version_header_name": "",
            "routing_http_response_access_control_allow_credentials_header_value": "",
            "routing_http_response_access_control_allow_headers_header_value": "",
            "routing_http_response_access_control_allow_methods_header_value": "",
            "routing_http_response_access_control_allow_origin_header_value": "",
            "routing_http_response_access_control_expose_headers_header_value": "",
            "routing_http_response_access_control_max_age_header_value": "",
            "routing_http_response_content_security_policy_header_value": "",
            "routing_http_response_server_enabled": true,
            "routing_http_response_strict_transport_security_header_value": "",
            "routing_http_response_x_content_type_options_header_value": "",
            "routing_http_response_x_frame_options_header_value": "",
            "ssl_policy": "ELBSecurityPolicy-TLS-1-2-2017-01",
            "tags": {
              "Environment": "alpha",
              "Project": "SilverSupport",
              "Terraform": "true"
            },
            "tags_all": {
              "Environment": "alpha",
              "ManagedBy": "Terraform",
              "Owner": "Aspire-Admin",
              "Project": "SilverSupport",
              "Terraform": "true"
            },
            "tcp_idle_timeout_seconds": null,
            "timeouts": null
          },
          "sensitive_attributes": [],
          "private": "eyJlMmJmYjczMC1lY2FhLTExZTYtOGY4OC0zNDM2M2JjN2M0YzAiOnsiY3JlYXRlIjozMDAwMDAwMDAwMDAsInVwZGF0ZSI6MzAwMDAwMDAwMDAwfX0=",
          "dependencies": [
            "aws_acm_certificate.main",
            "aws_acm_certificate_validation.main",
            "aws_lb.main",
            "aws_lb_target_group.app",
            "aws_route53_record.cert_validation",
            "aws_s3_bucket.logs",
            "aws_security_group.alb",
            "aws_subnet.public",
            "aws_vpc.main",
            "data.aws_availability_zones.available",
            "data.aws_route53_zone.main"
          ]
        }
      ]
    },
    {
      "mode": "managed",
      "type": "aws_lb_target_group",
      "name": "app",
      "provider": "provider[\"registry.terraform.io/hashicorp/aws\"]",
      "instances": [
        {
          "schema_version": 0,
          "attributes": {
            "arn": "arn:aws:elasticloadbalancing:us-east-1:276824025294:targetgroup/silversupport-alpha-app-tg/12caddb7a6578e17",
            "arn_suffix": "targetgroup/silversupport-alpha-app-tg/12caddb7a6578e17",
            "connection_termination": null,
            "deregistration_delay": "300",
            "health_check": [
              {
                "enabled": true,
                "healthy_threshold": 2,
                "interval": 30,
                "matcher": "200",
                "path": "/health",
                "port": "traffic-port",
                "protocol": "HTTP",
                "timeout": 5,
                "unhealthy_threshold": 2
              }
            ],
            "id": "arn:aws:elasticloadbalancing:us-east-1:276824025294:targetgroup/silversupport-alpha-app-tg/12caddb7a6578e17",
            "ip_address_type": "ipv4",
            "lambda_multi_value_headers_enabled": false,
            "load_balancer_arns": [
              "arn:aws:elasticloadbalancing:us-east-1:276824025294:loadbalancer/app/silversupport-alpha-alb/755cf36cee3581df"
            ],
            "load_balancing_algorithm_type": "round_robin",
            "load_balancing_anomaly_mitigation": "off",
            "load_balancing_cross_zone_enabled": "use_load_balancer_configuration",
            "name": "silversupport-alpha-app-tg",
            "name_prefix": "",
            "port": 3000,
            "preserve_client_ip": null,
            "protocol": "HTTP",
            "protocol_version": "HTTP1",
            "proxy_protocol_v2": false,
            "slow_start": 0,
            "stickiness": [
              {
                "cookie_duration": 86400,
                "cookie_name": "",
                "enabled": false,
                "type": "lb_cookie"
              }
            ],
            "tags": {
              "Environment": "alpha",
              "Project": "SilverSupport",
              "Terraform": "true"
            },
            "tags_all": {
              "Environment": "alpha",
              "ManagedBy": "Terraform",
              "Owner": "Aspire-Admin",
              "Project": "SilverSupport",
              "Terraform": "true"
            },
            "target_failover": [
              {
                "on_deregistration": null,
                "on_unhealthy": null
              }
            ],
            "target_group_health": [
              {
                "dns_failover": [
                  {
                    "minimum_healthy_targets_count": "1",
                    "minimum_healthy_targets_percentage": "off"
                  }
                ],
                "unhealthy_state_routing": [
                  {
                    "minimum_healthy_targets_count": 1,
                    "minimum_healthy_targets_percentage": "off"
                  }
                ]
              }
            ],
            "target_health_state": [
              {
                "enable_unhealthy_connection_termination": null,
                "unhealthy_draining_interval": null
              }
            ],
            "target_type": "ip",
            "vpc_id": "vpc-0bb2ba8aafc808e12"
          },
          "sensitive_attributes": [],
          "private": "bnVsbA==",
          "dependencies": [
            "aws_vpc.main"
          ]
        }
      ]
    },
    {
      "mode": "managed",
      "type": "aws_nat_gateway",
      "name": "main",
      "provider": "provider[\"registry.terraform.io/hashicorp/aws\"]",
      "instances": [
        {
          "schema_version": 0,
          "attributes": {
            "allocation_id": "eipalloc-0ea44e3e904824109",
            "association_id": "eipassoc-00186f557a4d28e1c",
            "connectivity_type": "public",
            "id": "nat-061acf8806db5bae2",
            "network_interface_id": "eni-02842738eab1f27cc",
            "private_ip": "10.0.1.47",
            "public_ip": "34.226.241.203",
            "secondary_allocation_ids": [],
            "secondary_private_ip_address_count": 0,
            "secondary_private_ip_addresses": [],
            "subnet_id": "subnet-007698f3873151b29",
            "tags": {
              "Environment": "alpha",
              "Name": "silversupport-alpha-nat-gw",
              "Project": "SilverSupport",
              "Terraform": "true"
            },
            "tags_all": {
              "Environment": "alpha",
              "ManagedBy": "Terraform",
              "Name": "silversupport-alpha-nat-gw",
              "Owner": "Aspire-Admin",
              "Project": "SilverSupport",
              "Terraform": "true"
            },
            "timeouts": null
          },
          "sensitive_attributes": [],
          "private": "eyJlMmJmYjczMC1lY2FhLTExZTYtOGY4OC0zNDM2M2JjN2M0YzAiOnsiY3JlYXRlIjo2MDAwMDAwMDAwMDAsImRlbGV0ZSI6MTgwMDAwMDAwMDAwMCwidXBkYXRlIjo2MDAwMDAwMDAwMDB9fQ==",
          "dependencies": [
            "aws_eip.nat",
            "aws_internet_gateway.main",
            "aws_subnet.public",
            "aws_vpc.main",
            "data.aws_availability_zones.available"
          ]
        }
      ]
    },
    {
      "mode": "managed",
      "type": "aws_route53_record",
      "name": "admin",
      "provider": "provider[\"registry.terraform.io/hashicorp/aws\"]",
      "instances": [
        {
          "schema_version": 2,
          "attributes": {
            "alias": [
              {
                "evaluate_target_health": true,
                "name": "silversupport-alpha-alb-1192425198.us-east-1.elb.amazonaws.com",
                "zone_id": "Z35SXDOTRQ7X7K"
              }
            ],
            "allow_overwrite": null,
            "cidr_routing_policy": [],
            "failover_routing_policy": [],
            "fqdn": "admin.silverzupport.us",
            "geolocation_routing_policy": [],
            "geoproximity_routing_policy": [],
            "health_check_id": "",
            "id": "Z0974740EJCOAY7G992Z_admin.silverzupport.us_A",
            "latency_routing_policy": [],
            "multivalue_answer_routing_policy": false,
            "name": "admin.silverzupport.us",
            "records": [],
            "set_identifier": "",
            "timeouts": null,
            "ttl": 0,
            "type": "A",
            "weighted_routing_policy": [],
            "zone_id": "Z0974740EJCOAY7G992Z"
          },
          "sensitive_attributes": [],
          "private": "eyJlMmJmYjczMC1lY2FhLTExZTYtOGY4OC0zNDM2M2JjN2M0YzAiOnsiY3JlYXRlIjoxODAwMDAwMDAwMDAwLCJkZWxldGUiOjE4MDAwMDAwMDAwMDAsInVwZGF0ZSI6MTgwMDAwMDAwMDAwMH0sInNjaGVtYV92ZXJzaW9uIjoiMiJ9",
          "dependencies": [
            "aws_lb.main",
            "aws_s3_bucket.logs",
            "aws_security_group.alb",
            "aws_subnet.public",
            "aws_vpc.main",
            "data.aws_availability_zones.available",
            "data.aws_route53_zone.main"
          ]
        }
      ]
    },
    {
      "mode": "managed",
      "type": "aws_route53_record",
      "name": "alpha",
      "provider": "provider[\"registry.terraform.io/hashicorp/aws\"]",
      "instances": [
        {
          "schema_version": 2,
          "attributes": {
            "alias": [
              {
                "evaluate_target_health": true,
                "name": "silversupport-alpha-alb-1192425198.us-east-1.elb.amazonaws.com",
                "zone_id": "Z35SXDOTRQ7X7K"
              }
            ],
            "allow_overwrite": null,
            "cidr_routing_policy": [],
            "failover_routing_policy": [],
            "fqdn": "alpha.silverzupport.us",
            "geolocation_routing_policy": [],
            "geoproximity_routing_policy": [],
            "health_check_id": "",
            "id": "Z0974740EJCOAY7G992Z_alpha.silverzupport.us_A",
            "latency_routing_policy": [],
            "multivalue_answer_routing_policy": false,
            "name": "alpha.silverzupport.us",
            "records": [],
            "set_identifier": "",
            "timeouts": null,
            "ttl": 0,
            "type": "A",
            "weighted_routing_policy": [],
            "zone_id": "Z0974740EJCOAY7G992Z"
          },
          "sensitive_attributes": [],
          "private": "eyJlMmJmYjczMC1lY2FhLTExZTYtOGY4OC0zNDM2M2JjN2M0YzAiOnsiY3JlYXRlIjoxODAwMDAwMDAwMDAwLCJkZWxldGUiOjE4MDAwMDAwMDAwMDAsInVwZGF0ZSI6MTgwMDAwMDAwMDAwMH0sInNjaGVtYV92ZXJzaW9uIjoiMiJ9",
          "dependencies": [
            "aws_lb.main",
            "aws_s3_bucket.logs",
            "aws_security_group.alb",
            "aws_subnet.public",
            "aws_vpc.main",
            "data.aws_availability_zones.available",
            "data.aws_route53_zone.main"
          ]
        }
      ]
    },
    {
      "mode": "managed",
      "type": "aws_route53_record",
      "name": "api",
      "provider": "provider[\"registry.terraform.io/hashicorp/aws\"]",
      "instances": [
        {
          "schema_version": 2,
          "attributes": {
            "alias": [
              {
                "evaluate_target_health": true,
                "name": "silversupport-alpha-alb-1192425198.us-east-1.elb.amazonaws.com",
                "zone_id": "Z35SXDOTRQ7X7K"
              }
            ],
            "allow_overwrite": null,
            "cidr_routing_policy": [],
            "failover_routing_policy": [],
            "fqdn": "api.silverzupport.us",
            "geolocation_routing_policy": [],
            "geoproximity_routing_policy": [],
            "health_check_id": "",
            "id": "Z0974740EJCOAY7G992Z_api.silverzupport.us_A",
            "latency_routing_policy": [],
            "multivalue_answer_routing_policy": false,
            "name": "api.silverzupport.us",
            "records": [],
            "set_identifier": "",
            "timeouts": null,
            "ttl": 0,
            "type": "A",
            "weighted_routing_policy": [],
            "zone_id": "Z0974740EJCOAY7G992Z"
          },
          "sensitive_attributes": [],
          "private": "eyJlMmJmYjczMC1lY2FhLTExZTYtOGY4OC0zNDM2M2JjN2M0YzAiOnsiY3JlYXRlIjoxODAwMDAwMDAwMDAwLCJkZWxldGUiOjE4MDAwMDAwMDAwMDAsInVwZGF0ZSI6MTgwMDAwMDAwMDAwMH0sInNjaGVtYV92ZXJzaW9uIjoiMiJ9",
          "dependencies": [
            "aws_lb.main",
            "aws_s3_bucket.logs",
            "aws_security_group.alb",
            "aws_subnet.public",
            "aws_vpc.main",
            "data.aws_availability_zones.available",
            "data.aws_route53_zone.main"
          ]
        }
      ]
    },
    {
      "mode": "managed",
      "type": "aws_route53_record",
      "name": "cert_validation",
      "provider": "provider[\"registry.terraform.io/hashicorp/aws\"]",
      "instances": [
        {
          "index_key": "*.silverzupport.us",
          "schema_version": 2,
          "attributes": {
            "alias": [],
            "allow_overwrite": true,
            "cidr_routing_policy": [],
            "failover_routing_policy": [],
            "fqdn": "_3b472582ae79bfe17a4b6b954f43abcd.silverzupport.us",
            "geolocation_routing_policy": [],
            "geoproximity_routing_policy": [],
            "health_check_id": "",
            "id": "Z0974740EJCOAY7G992Z__3b472582ae79bfe17a4b6b954f43abcd.silverzupport.us._CNAME",
            "latency_routing_policy": [],
            "multivalue_answer_routing_policy": false,
            "name": "_3b472582ae79bfe17a4b6b954f43abcd.silverzupport.us",
            "records": [
              "_a2f67acd1d14fedb07bdc5e69bd256cf.xlfgrmvvlj.acm-validations.aws."
            ],
            "set_identifier": "",
            "timeouts": null,
            "ttl": 60,
            "type": "CNAME",
            "weighted_routing_policy": [],
            "zone_id": "Z0974740EJCOAY7G992Z"
          },
          "sensitive_attributes": [],
          "private": "eyJlMmJmYjczMC1lY2FhLTExZTYtOGY4OC0zNDM2M2JjN2M0YzAiOnsiY3JlYXRlIjoxODAwMDAwMDAwMDAwLCJkZWxldGUiOjE4MDAwMDAwMDAwMDAsInVwZGF0ZSI6MTgwMDAwMDAwMDAwMH0sInNjaGVtYV92ZXJzaW9uIjoiMiJ9",
          "dependencies": [
            "aws_acm_certificate.main",
            "data.aws_route53_zone.main"
          ]
        },
        {
          "index_key": "silverzupport.us",
          "schema_version": 2,
          "attributes": {
            "alias": [],
            "allow_overwrite": true,
            "cidr_routing_policy": [],
            "failover_routing_policy": [],
            "fqdn": "_3b472582ae79bfe17a4b6b954f43abcd.silverzupport.us",
            "geolocation_routing_policy": [],
            "geoproximity_routing_policy": [],
            "health_check_id": "",
            "id": "Z0974740EJCOAY7G992Z__3b472582ae79bfe17a4b6b954f43abcd.silverzupport.us._CNAME",
            "latency_routing_policy": [],
            "multivalue_answer_routing_policy": false,
            "name": "_3b472582ae79bfe17a4b6b954f43abcd.silverzupport.us",
            "records": [
              "_a2f67acd1d14fedb07bdc5e69bd256cf.xlfgrmvvlj.acm-validations.aws."
            ],
            "set_identifier": "",
            "timeouts": null,
            "ttl": 60,
            "type": "CNAME",
            "weighted_routing_policy": [],
            "zone_id": "Z0974740EJCOAY7G992Z"
          },
          "sensitive_attributes": [],
          "private": "eyJlMmJmYjczMC1lY2FhLTExZTYtOGY4OC0zNDM2M2JjN2M0YzAiOnsiY3JlYXRlIjoxODAwMDAwMDAwMDAwLCJkZWxldGUiOjE4MDAwMDAwMDAwMDAsInVwZGF0ZSI6MTgwMDAwMDAwMDAwMH0sInNjaGVtYV92ZXJzaW9uIjoiMiJ9",
          "dependencies": [
            "aws_acm_certificate.main",
            "data.aws_route53_zone.main"
          ]
        }
      ]
    },
    {
      "mode": "managed",
      "type": "aws_route_table",
      "name": "private",
      "provider": "provider[\"registry.terraform.io/hashicorp/aws\"]",
      "instances": [
        {
          "schema_version": 0,
          "attributes": {
            "arn": "arn:aws:ec2:us-east-1:276824025294:route-table/rtb-05fe9f0c234a5a273",
            "id": "rtb-05fe9f0c234a5a273",
            "owner_id": "276824025294",
            "propagating_vgws": [],
            "route": [
              {
                "carrier_gateway_id": "",
                "cidr_block": "0.0.0.0/0",
                "core_network_arn": "",
                "destination_prefix_list_id": "",
                "egress_only_gateway_id": "",
                "gateway_id": "",
                "ipv6_cidr_block": "",
                "local_gateway_id": "",
                "nat_gateway_id": "nat-061acf8806db5bae2",
                "network_interface_id": "",
                "transit_gateway_id": "",
                "vpc_endpoint_id": "",
                "vpc_peering_connection_id": ""
              }
            ],
            "tags": {
              "Environment": "alpha",
              "Name": "silversupport-alpha-private-rt",
              "Project": "SilverSupport",
              "Terraform": "true"
            },
            "tags_all": {
              "Environment": "alpha",
              "ManagedBy": "Terraform",
              "Name": "silversupport-alpha-private-rt",
              "Owner": "Aspire-Admin",
              "Project": "SilverSupport",
              "Terraform": "true"
            },
            "timeouts": null,
            "vpc_id": "vpc-0bb2ba8aafc808e12"
          },
          "sensitive_attributes": [],
          "private": "eyJlMmJmYjczMC1lY2FhLTExZTYtOGY4OC0zNDM2M2JjN2M0YzAiOnsiY3JlYXRlIjozMDAwMDAwMDAwMDAsImRlbGV0ZSI6MzAwMDAwMDAwMDAwLCJ1cGRhdGUiOjEyMDAwMDAwMDAwMH19",
          "dependencies": [
            "aws_eip.nat",
            "aws_internet_gateway.main",
            "aws_nat_gateway.main",
            "aws_subnet.public",
            "aws_vpc.main",
            "data.aws_availability_zones.available"
          ]
        }
      ]
    },
    {
      "mode": "managed",
      "type": "aws_route_table",
      "name": "public",
      "provider": "provider[\"registry.terraform.io/hashicorp/aws\"]",
      "instances": [
        {
          "schema_version": 0,
          "attributes": {
            "arn": "arn:aws:ec2:us-east-1:276824025294:route-table/rtb-0b7cb029b37517f96",
            "id": "rtb-0b7cb029b37517f96",
            "owner_id": "276824025294",
            "propagating_vgws": [],
            "route": [
              {
                "carrier_gateway_id": "",
                "cidr_block": "0.0.0.0/0",
                "core_network_arn": "",
                "destination_prefix_list_id": "",
                "egress_only_gateway_id": "",
                "gateway_id": "igw-079fb8ec9607feb6d",
                "ipv6_cidr_block": "",
                "local_gateway_id": "",
                "nat_gateway_id": "",
                "network_interface_id": "",
                "transit_gateway_id": "",
                "vpc_endpoint_id": "",
                "vpc_peering_connection_id": ""
              }
            ],
            "tags": {
              "Environment": "alpha",
              "Name": "silversupport-alpha-public-rt",
              "Project": "SilverSupport",
              "Terraform": "true"
            },
            "tags_all": {
              "Environment": "alpha",
              "ManagedBy": "Terraform",
              "Name": "silversupport-alpha-public-rt",
              "Owner": "Aspire-Admin",
              "Project": "SilverSupport",
              "Terraform": "true"
            },
            "timeouts": null,
            "vpc_id": "vpc-0bb2ba8aafc808e12"
          },
          "sensitive_attributes": [],
          "private": "eyJlMmJmYjczMC1lY2FhLTExZTYtOGY4OC0zNDM2M2JjN2M0YzAiOnsiY3JlYXRlIjozMDAwMDAwMDAwMDAsImRlbGV0ZSI6MzAwMDAwMDAwMDAwLCJ1cGRhdGUiOjEyMDAwMDAwMDAwMH19",
          "dependencies": [
            "aws_internet_gateway.main",
            "aws_vpc.main"
          ]
        }
      ]
    },
    {
      "mode": "managed",
      "type": "aws_route_table_association",
      "name": "private",
      "provider": "provider[\"registry.terraform.io/hashicorp/aws\"]",
      "instances": [
        {
          "index_key": 0,
          "schema_version": 0,
          "attributes": {
            "gateway_id": "",
            "id": "rtbassoc-0e25ae9c7a01f3141",
            "route_table_id": "rtb-05fe9f0c234a5a273",
            "subnet_id": "subnet-0a27cd77d546a8e19",
            "timeouts": null
          },
          "sensitive_attributes": [],
          "private": "eyJlMmJmYjczMC1lY2FhLTExZTYtOGY4OC0zNDM2M2JjN2M0YzAiOnsiY3JlYXRlIjozMDAwMDAwMDAwMDAsImRlbGV0ZSI6MzAwMDAwMDAwMDAwLCJ1cGRhdGUiOjEyMDAwMDAwMDAwMH19",
          "dependencies": [
            "aws_eip.nat",
            "aws_internet_gateway.main",
            "aws_nat_gateway.main",
            "aws_route_table.private",
            "aws_subnet.private",
            "aws_subnet.public",
            "aws_vpc.main",
            "data.aws_availability_zones.available"
          ]
        },
        {
          "index_key": 1,
          "schema_version": 0,
          "attributes": {
            "gateway_id": "",
            "id": "rtbassoc-067d56d3bc4b6630f",
            "route_table_id": "rtb-05fe9f0c234a5a273",
            "subnet_id": "subnet-02c3046db54bfe84a",
            "timeouts": null
          },
          "sensitive_attributes": [],
          "private": "eyJlMmJmYjczMC1lY2FhLTExZTYtOGY4OC0zNDM2M2JjN2M0YzAiOnsiY3JlYXRlIjozMDAwMDAwMDAwMDAsImRlbGV0ZSI6MzAwMDAwMDAwMDAwLCJ1cGRhdGUiOjEyMDAwMDAwMDAwMH19",
          "dependencies": [
            "aws_eip.nat",
            "aws_internet_gateway.main",
            "aws_nat_gateway.main",
            "aws_route_table.private",
            "aws_subnet.private",
            "aws_subnet.public",
            "aws_vpc.main",
            "data.aws_availability_zones.available"
          ]
        }
      ]
    },
    {
      "mode": "managed",
      "type": "aws_route_table_association",
      "name": "public",
      "provider": "provider[\"registry.terraform.io/hashicorp/aws\"]",
      "instances": [
        {
          "index_key": 0,
          "schema_version": 0,
          "attributes": {
            "gateway_id": "",
            "id": "rtbassoc-04e32f9289e3d89ee",
            "route_table_id": "rtb-0b7cb029b37517f96",
            "subnet_id": "subnet-007698f3873151b29",
            "timeouts": null
          },
          "sensitive_attributes": [],
          "private": "eyJlMmJmYjczMC1lY2FhLTExZTYtOGY4OC0zNDM2M2JjN2M0YzAiOnsiY3JlYXRlIjozMDAwMDAwMDAwMDAsImRlbGV0ZSI6MzAwMDAwMDAwMDAwLCJ1cGRhdGUiOjEyMDAwMDAwMDAwMH19",
          "dependencies": [
            "aws_internet_gateway.main",
            "aws_route_table.public",
            "aws_subnet.public",
            "aws_vpc.main",
            "data.aws_availability_zones.available"
          ]
        },
        {
          "index_key": 1,
          "schema_version": 0,
          "attributes": {
            "gateway_id": "",
            "id": "rtbassoc-0936ab5914e4e1855",
            "route_table_id": "rtb-0b7cb029b37517f96",
            "subnet_id": "subnet-0283e507f0b1e3595",
            "timeouts": null
          },
          "sensitive_attributes": [],
          "private": "eyJlMmJmYjczMC1lY2FhLTExZTYtOGY4OC0zNDM2M2JjN2M0YzAiOnsiY3JlYXRlIjozMDAwMDAwMDAwMDAsImRlbGV0ZSI6MzAwMDAwMDAwMDAwLCJ1cGRhdGUiOjEyMDAwMDAwMDAwMH19",
          "dependencies": [
            "aws_internet_gateway.main",
            "aws_route_table.public",
            "aws_subnet.public",
            "aws_vpc.main",
            "data.aws_availability_zones.available"
          ]
        }
      ]
    },
    {
      "mode": "managed",
      "type": "aws_s3_bucket",
      "name": "backups",
      "provider": "provider[\"registry.terraform.io/hashicorp/aws\"]",
      "instances": [
        {
          "schema_version": 0,
          "attributes": {
            "acceleration_status": "",
            "acl": null,
            "arn": "arn:aws:s3:::silversupport-alpha-backups",
            "bucket": "silversupport-alpha-backups",
            "bucket_domain_name": "silversupport-alpha-backups.s3.amazonaws.com",
            "bucket_prefix": "",
            "bucket_regional_domain_name": "silversupport-alpha-backups.s3.us-east-1.amazonaws.com",
            "cors_rule": [],
            "force_destroy": true,
            "grant": [
              {
                "id": "58c52b472bb76b8bf8cfd9b74c7f6c8c94559ac4346a861afbc24e13226a109a",
                "permissions": [
                  "FULL_CONTROL"
                ],
                "type": "CanonicalUser",
                "uri": ""
              }
            ],
            "hosted_zone_id": "Z3AQBSTGFYJSTF",
            "id": "silversupport-alpha-backups",
            "lifecycle_rule": [],
            "logging": [],
            "object_lock_configuration": [],
            "object_lock_enabled": false,
            "policy": "",
            "region": "us-east-1",
            "replication_configuration": [],
            "request_payer": "BucketOwner",
            "server_side_encryption_configuration": [
              {
                "rule": [
                  {
                    "apply_server_side_encryption_by_default": [
                      {
                        "kms_master_key_id": "",
                        "sse_algorithm": "AES256"
                      }
                    ],
                    "bucket_key_enabled": false
                  }
                ]
              }
            ],
            "tags": {
              "Environment": "alpha",
              "Project": "SilverSupport",
              "Terraform": "true"
            },
            "tags_all": {
              "Environment": "alpha",
              "ManagedBy": "Terraform",
              "Owner": "Aspire-Admin",
              "Project": "SilverSupport",
              "Terraform": "true"
            },
            "timeouts": null,
            "versioning": [
              {
                "enabled": false,
                "mfa_delete": false
              }
            ],
            "website": [],
            "website_domain": null,
            "website_endpoint": null
          },
          "sensitive_attributes": [],
          "private": "eyJlMmJmYjczMC1lY2FhLTExZTYtOGY4OC0zNDM2M2JjN2M0YzAiOnsiY3JlYXRlIjoxMjAwMDAwMDAwMDAwLCJkZWxldGUiOjM2MDAwMDAwMDAwMDAsInJlYWQiOjEyMDAwMDAwMDAwMDAsInVwZGF0ZSI6MTIwMDAwMDAwMDAwMH19"
        }
      ]
    },
    {
      "mode": "managed",
      "type": "aws_s3_bucket",
      "name": "logs",
      "provider": "provider[\"registry.terraform.io/hashicorp/aws\"]",
      "instances": [
        {
          "schema_version": 0,
          "attributes": {
            "acceleration_status": "",
            "acl": null,
            "arn": "arn:aws:s3:::silversupport-alpha-logs",
            "bucket": "silversupport-alpha-logs",
            "bucket_domain_name": "silversupport-alpha-logs.s3.amazonaws.com",
            "bucket_prefix": "",
            "bucket_regional_domain_name": "silversupport-alpha-logs.s3.us-east-1.amazonaws.com",
            "cors_rule": [],
            "force_destroy": true,
            "grant": [
              {
                "id": "58c52b472bb76b8bf8cfd9b74c7f6c8c94559ac4346a861afbc24e13226a109a",
                "permissions": [
                  "FULL_CONTROL"
                ],
                "type": "CanonicalUser",
                "uri": ""
              }
            ],
            "hosted_zone_id": "Z3AQBSTGFYJSTF",
            "id": "silversupport-alpha-logs",
            "lifecycle_rule": [],
            "logging": [],
            "object_lock_configuration": [],
            "object_lock_enabled": false,
            "policy": "{\"Statement\":[{\"Action\":\"s3:PutObject\",\"Effect\":\"Allow\",\"Principal\":{\"AWS\":\"arn:aws:iam::127311923021:root\"},\"Resource\":\"arn:aws:s3:::silversupport-alpha-logs/alb-access-logs/*\"},{\"Action\":\"s3:PutObject\",\"Condition\":{\"StringEquals\":{\"s3:x-amz-acl\":\"bucket-owner-full-control\"}},\"Effect\":\"Allow\",\"Principal\":{\"Service\":\"delivery.logs.amazonaws.com\"},\"Resource\":\"arn:aws:s3:::silversupport-alpha-logs/alb-access-logs/*\"},{\"Action\":\"s3:GetBucketAcl\",\"Effect\":\"Allow\",\"Principal\":{\"Service\":\"delivery.logs.amazonaws.com\"},\"Resource\":\"arn:aws:s3:::silversupport-alpha-logs\"}],\"Version\":\"2012-10-17\"}",
            "region": "us-east-1",
            "replication_configuration": [],
            "request_payer": "BucketOwner",
            "server_side_encryption_configuration": [
              {
                "rule": [
                  {
                    "apply_server_side_encryption_by_default": [
                      {
                        "kms_master_key_id": "",
                        "sse_algorithm": "AES256"
                      }
                    ],
                    "bucket_key_enabled": false
                  }
                ]
              }
            ],
            "tags": {
              "Environment": "alpha",
              "Project": "SilverSupport",
              "Terraform": "true"
            },
            "tags_all": {
              "Environment": "alpha",
              "ManagedBy": "Terraform",
              "Owner": "Aspire-Admin",
              "Project": "SilverSupport",
              "Terraform": "true"
            },
            "timeouts": null,
            "versioning": [
              {
                "enabled": false,
                "mfa_delete": false
              }
            ],
            "website": [],
            "website_domain": null,
            "website_endpoint": null
          },
          "sensitive_attributes": [],
          "private": "eyJlMmJmYjczMC1lY2FhLTExZTYtOGY4OC0zNDM2M2JjN2M0YzAiOnsiY3JlYXRlIjoxMjAwMDAwMDAwMDAwLCJkZWxldGUiOjM2MDAwMDAwMDAwMDAsInJlYWQiOjEyMDAwMDAwMDAwMDAsInVwZGF0ZSI6MTIwMDAwMDAwMDAwMH19"
        }
      ]
    },
    {
      "mode": "managed",
      "type": "aws_s3_bucket",
      "name": "voice_recordings",
      "provider": "provider[\"registry.terraform.io/hashicorp/aws\"]",
      "instances": [
        {
          "schema_version": 0,
          "attributes": {
            "acceleration_status": "",
            "acl": null,
            "arn": "arn:aws:s3:::silversupport-alpha-voice-recordings",
            "bucket": "silversupport-alpha-voice-recordings",
            "bucket_domain_name": "silversupport-alpha-voice-recordings.s3.amazonaws.com",
            "bucket_prefix": "",
            "bucket_regional_domain_name": "silversupport-alpha-voice-recordings.s3.us-east-1.amazonaws.com",
            "cors_rule": [],
            "force_destroy": true,
            "grant": [
              {
                "id": "58c52b472bb76b8bf8cfd9b74c7f6c8c94559ac4346a861afbc24e13226a109a",
                "permissions": [
                  "FULL_CONTROL"
                ],
                "type": "CanonicalUser",
                "uri": ""
              }
            ],
            "hosted_zone_id": "Z3AQBSTGFYJSTF",
            "id": "silversupport-alpha-voice-recordings",
            "lifecycle_rule": [],
            "logging": [],
            "object_lock_configuration": [],
            "object_lock_enabled": false,
            "policy": "",
            "region": "us-east-1",
            "replication_configuration": [],
            "request_payer": "BucketOwner",
            "server_side_encryption_configuration": [
              {
                "rule": [
                  {
                    "apply_server_side_encryption_by_default": [
                      {
                        "kms_master_key_id": "",
                        "sse_algorithm": "AES256"
                      }
                    ],
                    "bucket_key_enabled": false
                  }
                ]
              }
            ],
            "tags": {
              "Environment": "alpha",
              "Project": "SilverSupport",
              "Terraform": "true"
            },
            "tags_all": {
              "Environment": "alpha",
              "ManagedBy": "Terraform",
              "Owner": "Aspire-Admin",
              "Project": "SilverSupport",
              "Terraform": "true"
            },
            "timeouts": null,
            "versioning": [
              {
                "enabled": true,
                "mfa_delete": false
              }
            ],
            "website": [],
            "website_domain": null,
            "website_endpoint": null
          },
          "sensitive_attributes": [],
          "private": "eyJlMmJmYjczMC1lY2FhLTExZTYtOGY4OC0zNDM2M2JjN2M0YzAiOnsiY3JlYXRlIjoxMjAwMDAwMDAwMDAwLCJkZWxldGUiOjM2MDAwMDAwMDAwMDAsInJlYWQiOjEyMDAwMDAwMDAwMDAsInVwZGF0ZSI6MTIwMDAwMDAwMDAwMH19"
        }
      ]
    },
    {
      "mode": "managed",
      "type": "aws_s3_bucket_policy",
      "name": "alb_logs",
      "provider": "provider[\"registry.terraform.io/hashicorp/aws\"]",
      "instances": [
        {
          "schema_version": 0,
          "attributes": {
            "bucket": "silversupport-alpha-logs",
            "id": "silversupport-alpha-logs",
            "policy": "{\"Statement\":[{\"Action\":\"s3:PutObject\",\"Effect\":\"Allow\",\"Principal\":{\"AWS\":\"arn:aws:iam::127311923021:root\"},\"Resource\":\"arn:aws:s3:::silversupport-alpha-logs/alb-access-logs/*\"},{\"Action\":\"s3:PutObject\",\"Condition\":{\"StringEquals\":{\"s3:x-amz-acl\":\"bucket-owner-full-control\"}},\"Effect\":\"Allow\",\"Principal\":{\"Service\":\"delivery.logs.amazonaws.com\"},\"Resource\":\"arn:aws:s3:::silversupport-alpha-logs/alb-access-logs/*\"},{\"Action\":\"s3:GetBucketAcl\",\"Effect\":\"Allow\",\"Principal\":{\"Service\":\"delivery.logs.amazonaws.com\"},\"Resource\":\"arn:aws:s3:::silversupport-alpha-logs\"}],\"Version\":\"2012-10-17\"}"
          },
          "sensitive_attributes": [],
          "private": "bnVsbA==",
          "dependencies": [
            "aws_s3_bucket.logs"
          ]
        }
      ]
    },
    {
      "mode": "managed",
      "type": "aws_s3_bucket_public_access_block",
      "name": "backups",
      "provider": "provider[\"registry.terraform.io/hashicorp/aws\"]",
      "instances": [
        {
          "schema_version": 0,
          "attributes": {
            "block_public_acls": true,
            "block_public_policy": true,
            "bucket": "silversupport-alpha-backups",
            "id": "silversupport-alpha-backups",
            "ignore_public_acls": true,
            "restrict_public_buckets": true
          },
          "sensitive_attributes": [],
          "private": "bnVsbA==",
          "dependencies": [
            "aws_s3_bucket.backups"
          ]
        }
      ]
    },
    {
      "mode": "managed",
      "type": "aws_s3_bucket_public_access_block",
      "name": "logs",
      "provider": "provider[\"registry.terraform.io/hashicorp/aws\"]",
      "instances": [
        {
          "schema_version": 0,
          "attributes": {
            "block_public_acls": true,
            "block_public_policy": true,
            "bucket": "silversupport-alpha-logs",
            "id": "silversupport-alpha-logs",
            "ignore_public_acls": true,
            "restrict_public_buckets": true
          },
          "sensitive_attributes": [],
          "private": "bnVsbA==",
          "dependencies": [
            "aws_s3_bucket.logs"
          ]
        }
      ]
    },
    {
      "mode": "managed",
      "type": "aws_s3_bucket_public_access_block",
      "name": "voice_recordings",
      "provider": "provider[\"registry.terraform.io/hashicorp/aws\"]",
      "instances": [
        {
          "schema_version": 0,
          "attributes": {
            "block_public_acls": true,
            "block_public_policy": true,
            "bucket": "silversupport-alpha-voice-recordings",
            "id": "silversupport-alpha-voice-recordings",
            "ignore_public_acls": true,
            "restrict_public_buckets": true
          },
          "sensitive_attributes": [],
          "private": "bnVsbA==",
          "dependencies": [
            "aws_s3_bucket.voice_recordings"
          ]
        }
      ]
    },
    {
      "mode": "managed",
      "type": "aws_s3_bucket_server_side_encryption_configuration",
      "name": "backups",
      "provider": "provider[\"registry.terraform.io/hashicorp/aws\"]",
      "instances": [
        {
          "schema_version": 0,
          "attributes": {
            "bucket": "silversupport-alpha-backups",
            "expected_bucket_owner": "",
            "id": "silversupport-alpha-backups",
            "rule": [
              {
                "apply_server_side_encryption_by_default": [
                  {
                    "kms_master_key_id": "",
                    "sse_algorithm": "AES256"
                  }
                ],
                "bucket_key_enabled": false
              }
            ]
          },
          "sensitive_attributes": [],
          "private": "bnVsbA==",
          "dependencies": [
            "aws_s3_bucket.backups"
          ]
        }
      ]
    },
    {
      "mode": "managed",
      "type": "aws_s3_bucket_server_side_encryption_configuration",
      "name": "logs",
      "provider": "provider[\"registry.terraform.io/hashicorp/aws\"]",
      "instances": [
        {
          "schema_version": 0,
          "attributes": {
            "bucket": "silversupport-alpha-logs",
            "expected_bucket_owner": "",
            "id": "silversupport-alpha-logs",
            "rule": [
              {
                "apply_server_side_encryption_by_default": [
                  {
                    "kms_master_key_id": "",
                    "sse_algorithm": "AES256"
                  }
                ],
                "bucket_key_enabled": false
              }
            ]
          },
          "sensitive_attributes": [],
          "private": "bnVsbA==",
          "dependencies": [
            "aws_s3_bucket.logs"
          ]
        }
      ]
    },
    {
      "mode": "managed",
      "type": "aws_s3_bucket_server_side_encryption_configuration",
      "name": "voice_recordings",
      "provider": "provider[\"registry.terraform.io/hashicorp/aws\"]",
      "instances": [
        {
          "schema_version": 0,
          "attributes": {
            "bucket": "silversupport-alpha-voice-recordings",
            "expected_bucket_owner": "",
            "id": "silversupport-alpha-voice-recordings",
            "rule": [
              {
                "apply_server_side_encryption_by_default": [
                  {
                    "kms_master_key_id": "",
                    "sse_algorithm": "AES256"
                  }
                ],
                "bucket_key_enabled": false
              }
            ]
          },
          "sensitive_attributes": [],
          "private": "bnVsbA==",
          "dependencies": [
            "aws_s3_bucket.voice_recordings"
          ]
        }
      ]
    },
    {
      "mode": "managed",
      "type": "aws_s3_bucket_versioning",
      "name": "voice_recordings",
      "provider": "provider[\"registry.terraform.io/hashicorp/aws\"]",
      "instances": [
        {
          "schema_version": 0,
          "attributes": {
            "bucket": "silversupport-alpha-voice-recordings",
            "expected_bucket_owner": "",
            "id": "silversupport-alpha-voice-recordings",
            "mfa": null,
            "versioning_configuration": [
              {
                "mfa_delete": "",
                "status": "Enabled"
              }
            ]
          },
          "sensitive_attributes": [],
          "private": "bnVsbA==",
          "dependencies": [
            "aws_s3_bucket.voice_recordings"
          ]
        }
      ]
    },
    {
      "mode": "managed",
      "type": "aws_secretsmanager_secret",
      "name": "app_secrets",
      "provider": "provider[\"registry.terraform.io/hashicorp/aws\"]",
      "instances": [
        {
          "schema_version": 0,
          "attributes": {
            "arn": "arn:aws:secretsmanager:us-east-1:276824025294:secret:silversupport-alpha-app-secrets-hyu1j7",
            "description": "Application secrets for SilverSupport Alpha",
            "force_overwrite_replica_secret": false,
            "id": "arn:aws:secretsmanager:us-east-1:276824025294:secret:silversupport-alpha-app-secrets-hyu1j7",
            "kms_key_id": "",
            "name": "silversupport-alpha-app-secrets",
            "name_prefix": "",
            "policy": "",
            "recovery_window_in_days": 30,
            "replica": [],
            "tags": {
              "Environment": "alpha",
              "Project": "SilverSupport",
              "Terraform": "true"
            },
            "tags_all": {
              "Environment": "alpha",
              "ManagedBy": "Terraform",
              "Owner": "Aspire-Admin",
              "Project": "SilverSupport",
              "Terraform": "true"
            }
          },
          "sensitive_attributes": [],
          "private": "bnVsbA=="
        }
      ]
    },
    {
      "mode": "managed",
      "type": "aws_secretsmanager_secret",
      "name": "db_credentials",
      "provider": "provider[\"registry.terraform.io/hashicorp/aws\"]",
      "instances": [
        {
          "schema_version": 0,
          "attributes": {
            "arn": "arn:aws:secretsmanager:us-east-1:276824025294:secret:silversupport-alpha-db-credentials-F9Li0W",
            "description": "Database credentials for SilverSupport Alpha",
            "force_overwrite_replica_secret": false,
            "id": "arn:aws:secretsmanager:us-east-1:276824025294:secret:silversupport-alpha-db-credentials-F9Li0W",
            "kms_key_id": "",
            "name": "silversupport-alpha-db-credentials",
            "name_prefix": "",
            "policy": "",
            "recovery_window_in_days": 30,
            "replica": [],
            "tags": {
              "Environment": "alpha",
              "Project": "SilverSupport",
              "Terraform": "true"
            },
            "tags_all": {
              "Environment": "alpha",
              "ManagedBy": "Terraform",
              "Owner": "Aspire-Admin",
              "Project": "SilverSupport",
              "Terraform": "true"
            }
          },
          "sensitive_attributes": [],
          "private": "bnVsbA=="
        }
      ]
    },
    {
      "mode": "managed",
      "type": "aws_secretsmanager_secret_version",
      "name": "app_secrets",
      "provider": "provider[\"registry.terraform.io/hashicorp/aws\"]",
      "instances": [
        {
          "schema_version": 0,
          "attributes": {
            "arn": "arn:aws:secretsmanager:us-east-1:276824025294:secret:silversupport-alpha-app-secrets-hyu1j7",
            "has_secret_string_wo": null,
            "id": "arn:aws:secretsmanager:us-east-1:276824025294:secret:silversupport-alpha-app-secrets-hyu1j7|terraform-20250814172716948200000003",
            "secret_binary": "",
            "secret_id": "arn:aws:secretsmanager:us-east-1:276824025294:secret:silversupport-alpha-app-secrets-hyu1j7",
            "secret_string": "{\"ENCRYPTION_KEY\":\"U0mscgbKQoDBLvhDgl6lfvJeH5ZcvjMc\",\"JWT_SECRET\":\"6bz7q82:k9KA)Ks86W?u2W[2JLIS-r:ez-)?#XEi7!\\u003cTRMw8o*_CLVRzzp8zD6ke\",\"SESSION_SECRET\":\"gLu)OFtHxPd)6xgRaQ:HEGra3leN)GTKAF::TNR%$!t=ATJF]%4=M35hYlkhq\\u003ejd\"}",
            "secret_string_wo": null,
            "secret_string_wo_version": null,
            "version_id": "terraform-20250814172716948200000003",
            "version_stages": [
              "AWSCURRENT"
            ]
          },
          "sensitive_attributes": [
            [
              {
                "type": "get_attr",
                "value": "secret_string"
              }
            ]
          ],
          "private": "bnVsbA==",
          "dependencies": [
            "aws_secretsmanager_secret.app_secrets",
            "random_password.encryption_key",
            "random_password.jwt_secret",
            "random_password.session_secret"
          ]
        }
      ]
    },
    {
      "mode": "managed",
      "type": "aws_secretsmanager_secret_version",
      "name": "db_credentials",
      "provider": "provider[\"registry.terraform.io/hashicorp/aws\"]",
      "instances": [
        {
          "schema_version": 0,
          "attributes": {
            "arn": "arn:aws:secretsmanager:us-east-1:276824025294:secret:silversupport-alpha-db-credentials-F9Li0W",
            "has_secret_string_wo": null,
            "id": "arn:aws:secretsmanager:us-east-1:276824025294:secret:silversupport-alpha-db-credentials-F9Li0W|terraform-20250814172716953300000004",
            "secret_binary": "",
            "secret_id": "arn:aws:secretsmanager:us-east-1:276824025294:secret:silversupport-alpha-db-credentials-F9Li0W",
            "secret_string": "{\"dbname\":\"silversupport_alpha\",\"engine\":\"postgres\",\"host\":\"silversupport-alpha-database.ck5qswe0woij.us-east-1.rds.amazonaws.com:5432\",\"password\":\"QIVwt\\u0026wGO(PTiVx{(u9biPvXz\\u003ezxF368\",\"port\":5432,\"username\":\"silversupport_admin\"}",
            "secret_string_wo": null,
            "secret_string_wo_version": null,
            "version_id": "terraform-20250814172716953300000004",
            "version_stages": [
              "AWSCURRENT"
            ]
          },
          "sensitive_attributes": [
            [
              {
                "type": "get_attr",
                "value": "secret_string"
              }
            ]
          ],
          "private": "bnVsbA==",
          "dependencies": [
            "aws_db_instance.main",
            "aws_secretsmanager_secret.db_credentials",
            "random_password.db_password"
          ]
        }
      ]
    },
    {
      "mode": "managed",
      "type": "aws_security_group",
      "name": "alb",
      "provider": "provider[\"registry.terraform.io/hashicorp/aws\"]",
      "instances": [
        {
          "schema_version": 1,
          "attributes": {
            "arn": "arn:aws:ec2:us-east-1:276824025294:security-group/sg-0f97389a8dd7d819d",
            "description": "Security group for Application Load Balancer",
            "egress": [
              {
                "cidr_blocks": [
                  "0.0.0.0/0"
                ],
                "description": "",
                "from_port": 0,
                "ipv6_cidr_blocks": [],
                "prefix_list_ids": [],
                "protocol": "-1",
                "security_groups": [],
                "self": false,
                "to_port": 0
              }
            ],
            "id": "sg-0f97389a8dd7d819d",
            "ingress": [
              {
                "cidr_blocks": [
                  "0.0.0.0/0"
                ],
                "description": "HTTP",
                "from_port": 80,
                "ipv6_cidr_blocks": [],
                "prefix_list_ids": [],
                "protocol": "tcp",
                "security_groups": [],
                "self": false,
                "to_port": 80
              },
              {
                "cidr_blocks": [
                  "0.0.0.0/0"
                ],
                "description": "HTTPS",
                "from_port": 443,
                "ipv6_cidr_blocks": [],
                "prefix_list_ids": [],
                "protocol": "tcp",
                "security_groups": [],
                "self": false,
                "to_port": 443
              }
            ],
            "name": "silversupport-alpha-alb-sg",
            "name_prefix": "",
            "owner_id": "276824025294",
            "revoke_rules_on_delete": false,
            "tags": {
              "Environment": "alpha",
              "Name": "silversupport-alpha-alb-sg",
              "Project": "SilverSupport",
              "Terraform": "true"
            },
            "tags_all": {
              "Environment": "alpha",
              "ManagedBy": "Terraform",
              "Name": "silversupport-alpha-alb-sg",
              "Owner": "Aspire-Admin",
              "Project": "SilverSupport",
              "Terraform": "true"
            },
            "timeouts": null,
            "vpc_id": "vpc-0bb2ba8aafc808e12"
          },
          "sensitive_attributes": [],
          "private": "eyJlMmJmYjczMC1lY2FhLTExZTYtOGY4OC0zNDM2M2JjN2M0YzAiOnsiY3JlYXRlIjo2MDAwMDAwMDAwMDAsImRlbGV0ZSI6OTAwMDAwMDAwMDAwfSwic2NoZW1hX3ZlcnNpb24iOiIxIn0=",
          "dependencies": [
            "aws_vpc.main"
          ]
        }
      ]
    },
    {
      "mode": "managed",
      "type": "aws_security_group",
      "name": "ecs",
      "provider": "provider[\"registry.terraform.io/hashicorp/aws\"]",
      "instances": [
        {
          "schema_version": 1,
          "attributes": {
            "arn": "arn:aws:ec2:us-east-1:276824025294:security-group/sg-0c8c2ef7f771ed4ca",
            "description": "Security group for ECS tasks",
            "egress": [
              {
                "cidr_blocks": [
                  "0.0.0.0/0"
                ],
                "description": "",
                "from_port": 0,
                "ipv6_cidr_blocks": [],
                "prefix_list_ids": [],
                "protocol": "-1",
                "security_groups": [],
                "self": false,
                "to_port": 0
              }
            ],
            "id": "sg-0c8c2ef7f771ed4ca",
            "ingress": [
              {
                "cidr_blocks": [],
                "description": "HTTP from ALB",
                "from_port": 3000,
                "ipv6_cidr_blocks": [],
                "prefix_list_ids": [],
                "protocol": "tcp",
                "security_groups": [
                  "sg-0f97389a8dd7d819d"
                ],
                "self": false,
                "to_port": 3000
              }
            ],
            "name": "silversupport-alpha-ecs-sg",
            "name_prefix": "",
            "owner_id": "276824025294",
            "revoke_rules_on_delete": false,
            "tags": {
              "Environment": "alpha",
              "Name": "silversupport-alpha-ecs-sg",
              "Project": "SilverSupport",
              "Terraform": "true"
            },
            "tags_all": {
              "Environment": "alpha",
              "ManagedBy": "Terraform",
              "Name": "silversupport-alpha-ecs-sg",
              "Owner": "Aspire-Admin",
              "Project": "SilverSupport",
              "Terraform": "true"
            },
            "timeouts": null,
            "vpc_id": "vpc-0bb2ba8aafc808e12"
          },
          "sensitive_attributes": [],
          "private": "eyJlMmJmYjczMC1lY2FhLTExZTYtOGY4OC0zNDM2M2JjN2M0YzAiOnsiY3JlYXRlIjo2MDAwMDAwMDAwMDAsImRlbGV0ZSI6OTAwMDAwMDAwMDAwfSwic2NoZW1hX3ZlcnNpb24iOiIxIn0=",
          "dependencies": [
            "aws_security_group.alb",
            "aws_vpc.main"
          ]
        }
      ]
    },
    {
      "mode": "managed",
      "type": "aws_security_group",
      "name": "rds",
      "provider": "provider[\"registry.terraform.io/hashicorp/aws\"]",
      "instances": [
        {
          "schema_version": 1,
          "attributes": {
            "arn": "arn:aws:ec2:us-east-1:276824025294:security-group/sg-0fa4cbc54e7298215",
            "description": "Security group for RDS database",
            "egress": [],
            "id": "sg-0fa4cbc54e7298215",
            "ingress": [
              {
                "cidr_blocks": [],
                "description": "PostgreSQL from ECS",
                "from_port": 5432,
                "ipv6_cidr_blocks": [],
                "prefix_list_ids": [],
                "protocol": "tcp",
                "security_groups": [
                  "sg-0c8c2ef7f771ed4ca"
                ],
                "self": false,
                "to_port": 5432
              }
            ],
            "name": "silversupport-alpha-rds-sg",
            "name_prefix": "",
            "owner_id": "276824025294",
            "revoke_rules_on_delete": false,
            "tags": {
              "Environment": "alpha",
              "Name": "silversupport-alpha-rds-sg",
              "Project": "SilverSupport",
              "Terraform": "true"
            },
            "tags_all": {
              "Environment": "alpha",
              "ManagedBy": "Terraform",
              "Name": "silversupport-alpha-rds-sg",
              "Owner": "Aspire-Admin",
              "Project": "SilverSupport",
              "Terraform": "true"
            },
            "timeouts": null,
            "vpc_id": "vpc-0bb2ba8aafc808e12"
          },
          "sensitive_attributes": [],
          "private": "eyJlMmJmYjczMC1lY2FhLTExZTYtOGY4OC0zNDM2M2JjN2M0YzAiOnsiY3JlYXRlIjo2MDAwMDAwMDAwMDAsImRlbGV0ZSI6OTAwMDAwMDAwMDAwfSwic2NoZW1hX3ZlcnNpb24iOiIxIn0=",
          "dependencies": [
            "aws_security_group.alb",
            "aws_security_group.ecs",
            "aws_vpc.main"
          ]
        }
      ]
    },
    {
      "mode": "managed",
      "type": "aws_subnet",
      "name": "private",
      "provider": "provider[\"registry.terraform.io/hashicorp/aws\"]",
      "instances": [
        {
          "index_key": 0,
          "schema_version": 1,
          "attributes": {
            "arn": "arn:aws:ec2:us-east-1:276824025294:subnet/subnet-0a27cd77d546a8e19",
            "assign_ipv6_address_on_creation": false,
            "availability_zone": "us-east-1a",
            "availability_zone_id": "use1-az4",
            "cidr_block": "10.0.10.0/24",
            "customer_owned_ipv4_pool": "",
            "enable_dns64": false,
            "enable_lni_at_device_index": 0,
            "enable_resource_name_dns_a_record_on_launch": false,
            "enable_resource_name_dns_aaaa_record_on_launch": false,
            "id": "subnet-0a27cd77d546a8e19",
            "ipv6_cidr_block": "",
            "ipv6_cidr_block_association_id": "",
            "ipv6_native": false,
            "map_customer_owned_ip_on_launch": false,
            "map_public_ip_on_launch": false,
            "outpost_arn": "",
            "owner_id": "276824025294",
            "private_dns_hostname_type_on_launch": "ip-name",
            "tags": {
              "Environment": "alpha",
              "Name": "silversupport-alpha-private-1",
              "Project": "SilverSupport",
              "Terraform": "true",
              "Type": "Private"
            },
            "tags_all": {
              "Environment": "alpha",
              "ManagedBy": "Terraform",
              "Name": "silversupport-alpha-private-1",
              "Owner": "Aspire-Admin",
              "Project": "SilverSupport",
              "Terraform": "true",
              "Type": "Private"
            },
            "timeouts": null,
            "vpc_id": "vpc-0bb2ba8aafc808e12"
          },
          "sensitive_attributes": [],
          "private": "eyJlMmJmYjczMC1lY2FhLTExZTYtOGY4OC0zNDM2M2JjN2M0YzAiOnsiY3JlYXRlIjo2MDAwMDAwMDAwMDAsImRlbGV0ZSI6MTIwMDAwMDAwMDAwMH0sInNjaGVtYV92ZXJzaW9uIjoiMSJ9",
          "dependencies": [
            "aws_vpc.main",
            "data.aws_availability_zones.available"
          ]
        },
        {
          "index_key": 1,
          "schema_version": 1,
          "attributes": {
            "arn": "arn:aws:ec2:us-east-1:276824025294:subnet/subnet-02c3046db54bfe84a",
            "assign_ipv6_address_on_creation": false,
            "availability_zone": "us-east-1b",
            "availability_zone_id": "use1-az6",
            "cidr_block": "10.0.11.0/24",
            "customer_owned_ipv4_pool": "",
            "enable_dns64": false,
            "enable_lni_at_device_index": 0,
            "enable_resource_name_dns_a_record_on_launch": false,
            "enable_resource_name_dns_aaaa_record_on_launch": false,
            "id": "subnet-02c3046db54bfe84a",
            "ipv6_cidr_block": "",
            "ipv6_cidr_block_association_id": "",
            "ipv6_native": false,
            "map_customer_owned_ip_on_launch": false,
            "map_public_ip_on_launch": false,
            "outpost_arn": "",
            "owner_id": "276824025294",
            "private_dns_hostname_type_on_launch": "ip-name",
            "tags": {
              "Environment": "alpha",
              "Name": "silversupport-alpha-private-2",
              "Project": "SilverSupport",
              "Terraform": "true",
              "Type": "Private"
            },
            "tags_all": {
              "Environment": "alpha",
              "ManagedBy": "Terraform",
              "Name": "silversupport-alpha-private-2",
              "Owner": "Aspire-Admin",
              "Project": "SilverSupport",
              "Terraform": "true",
              "Type": "Private"
            },
            "timeouts": null,
            "vpc_id": "vpc-0bb2ba8aafc808e12"
          },
          "sensitive_attributes": [],
          "private": "eyJlMmJmYjczMC1lY2FhLTExZTYtOGY4OC0zNDM2M2JjN2M0YzAiOnsiY3JlYXRlIjo2MDAwMDAwMDAwMDAsImRlbGV0ZSI6MTIwMDAwMDAwMDAwMH0sInNjaGVtYV92ZXJzaW9uIjoiMSJ9",
          "dependencies": [
            "aws_vpc.main",
            "data.aws_availability_zones.available"
          ]
        }
      ]
    },
    {
      "mode": "managed",
      "type": "aws_subnet",
      "name": "public",
      "provider": "provider[\"registry.terraform.io/hashicorp/aws\"]",
      "instances": [
        {
          "index_key": 0,
          "schema_version": 1,
          "attributes": {
            "arn": "arn:aws:ec2:us-east-1:276824025294:subnet/subnet-007698f3873151b29",
            "assign_ipv6_address_on_creation": false,
            "availability_zone": "us-east-1a",
            "availability_zone_id": "use1-az4",
            "cidr_block": "10.0.1.0/24",
            "customer_owned_ipv4_pool": "",
            "enable_dns64": false,
            "enable_lni_at_device_index": 0,
            "enable_resource_name_dns_a_record_on_launch": false,
            "enable_resource_name_dns_aaaa_record_on_launch": false,
            "id": "subnet-007698f3873151b29",
            "ipv6_cidr_block": "",
            "ipv6_cidr_block_association_id": "",
            "ipv6_native": false,
            "map_customer_owned_ip_on_launch": false,
            "map_public_ip_on_launch": true,
            "outpost_arn": "",
            "owner_id": "276824025294",
            "private_dns_hostname_type_on_launch": "ip-name",
            "tags": {
              "Environment": "alpha",
              "Name": "silversupport-alpha-public-1",
              "Project": "SilverSupport",
              "Terraform": "true",
              "Type": "Public"
            },
            "tags_all": {
              "Environment": "alpha",
              "ManagedBy": "Terraform",
              "Name": "silversupport-alpha-public-1",
              "Owner": "Aspire-Admin",
              "Project": "SilverSupport",
              "Terraform": "true",
              "Type": "Public"
            },
            "timeouts": null,
            "vpc_id": "vpc-0bb2ba8aafc808e12"
          },
          "sensitive_attributes": [],
          "private": "eyJlMmJmYjczMC1lY2FhLTExZTYtOGY4OC0zNDM2M2JjN2M0YzAiOnsiY3JlYXRlIjo2MDAwMDAwMDAwMDAsImRlbGV0ZSI6MTIwMDAwMDAwMDAwMH0sInNjaGVtYV92ZXJzaW9uIjoiMSJ9",
          "dependencies": [
            "aws_vpc.main",
            "data.aws_availability_zones.available"
          ]
        },
        {
          "index_key": 1,
          "schema_version": 1,
          "attributes": {
            "arn": "arn:aws:ec2:us-east-1:276824025294:subnet/subnet-0283e507f0b1e3595",
            "assign_ipv6_address_on_creation": false,
            "availability_zone": "us-east-1b",
            "availability_zone_id": "use1-az6",
            "cidr_block": "10.0.2.0/24",
            "customer_owned_ipv4_pool": "",
            "enable_dns64": false,
            "enable_lni_at_device_index": 0,
            "enable_resource_name_dns_a_record_on_launch": false,
            "enable_resource_name_dns_aaaa_record_on_launch": false,
            "id": "subnet-0283e507f0b1e3595",
            "ipv6_cidr_block": "",
            "ipv6_cidr_block_association_id": "",
            "ipv6_native": false,
            "map_customer_owned_ip_on_launch": false,
            "map_public_ip_on_launch": true,
            "outpost_arn": "",
            "owner_id": "276824025294",
            "private_dns_hostname_type_on_launch": "ip-name",
            "tags": {
              "Environment": "alpha",
              "Name": "silversupport-alpha-public-2",
              "Project": "SilverSupport",
              "Terraform": "true",
              "Type": "Public"
            },
            "tags_all": {
              "Environment": "alpha",
              "ManagedBy": "Terraform",
              "Name": "silversupport-alpha-public-2",
              "Owner": "Aspire-Admin",
              "Project": "SilverSupport",
              "Terraform": "true",
              "Type": "Public"
            },
            "timeouts": null,
            "vpc_id": "vpc-0bb2ba8aafc808e12"
          },
          "sensitive_attributes": [],
          "private": "eyJlMmJmYjczMC1lY2FhLTExZTYtOGY4OC0zNDM2M2JjN2M0YzAiOnsiY3JlYXRlIjo2MDAwMDAwMDAwMDAsImRlbGV0ZSI6MTIwMDAwMDAwMDAwMH0sInNjaGVtYV92ZXJzaW9uIjoiMSJ9",
          "dependencies": [
            "aws_vpc.main",
            "data.aws_availability_zones.available"
          ]
        }
      ]
    },
    {
      "mode": "managed",
      "type": "aws_vpc",
      "name": "main",
      "provider": "provider[\"registry.terraform.io/hashicorp/aws\"]",
      "instances": [
        {
          "schema_version": 1,
          "attributes": {
            "arn": "arn:aws:ec2:us-east-1:276824025294:vpc/vpc-0bb2ba8aafc808e12",
            "assign_generated_ipv6_cidr_block": false,
            "cidr_block": "10.0.0.0/16",
            "default_network_acl_id": "acl-0c859a50e5166b874",
            "default_route_table_id": "rtb-0336ef5241f1fbfe2",
            "default_security_group_id": "sg-0db2d6c4fdd429516",
            "dhcp_options_id": "dopt-0377db6b35ae07350",
            "enable_dns_hostnames": true,
            "enable_dns_support": true,
            "enable_network_address_usage_metrics": false,
            "id": "vpc-0bb2ba8aafc808e12",
            "instance_tenancy": "default",
            "ipv4_ipam_pool_id": null,
            "ipv4_netmask_length": null,
            "ipv6_association_id": "",
            "ipv6_cidr_block": "",
            "ipv6_cidr_block_network_border_group": "",
            "ipv6_ipam_pool_id": "",
            "ipv6_netmask_length": 0,
            "main_route_table_id": "rtb-0336ef5241f1fbfe2",
            "owner_id": "276824025294",
            "tags": {
              "Environment": "alpha",
              "Name": "silversupport-alpha-vpc",
              "Project": "SilverSupport",
              "Terraform": "true"
            },
            "tags_all": {
              "Environment": "alpha",
              "ManagedBy": "Terraform",
              "Name": "silversupport-alpha-vpc",
              "Owner": "Aspire-Admin",
              "Project": "SilverSupport",
              "Terraform": "true"
            }
          },
          "sensitive_attributes": [],
          "private": "eyJzY2hlbWFfdmVyc2lvbiI6IjEifQ=="
        }
      ]
    },
    {
      "mode": "managed",
      "type": "random_password",
      "name": "db_password",
      "provider": "provider[\"registry.terraform.io/hashicorp/random\"]",
      "instances": [
        {
          "schema_version": 3,
          "attributes": {
            "bcrypt_hash": "$2a$10$aJ4GSV.akaqxs.nvx58UHeaYwUPv.bVwr/5ZLmLXPL.wbZYNAbKv2",
            "id": "none",
            "keepers": null,
            "length": 32,
            "lower": true,
            "min_lower": 0,
            "min_numeric": 0,
            "min_special": 0,
            "min_upper": 0,
            "number": true,
            "numeric": true,
            "override_special": "!#$%\u0026*()-_=+[]{}\u003c\u003e:?",
            "result": "QIVwt\u0026wGO(PTiVx{(u9biPvXz\u003ezxF368",
            "special": true,
            "upper": true
          },
          "sensitive_attributes": []
        }
      ]
    },
    {
      "mode": "managed",
      "type": "random_password",
      "name": "encryption_key",
      "provider": "provider[\"registry.terraform.io/hashicorp/random\"]",
      "instances": [
        {
          "schema_version": 3,
          "attributes": {
            "bcrypt_hash": "$2a$10$mnNyxFXhMLb3zKlmZGn9e.017yXA2irQQt8ycF6KrwFZdVhtw1omC",
            "id": "none",
            "keepers": null,
            "length": 32,
            "lower": true,
            "min_lower": 0,
            "min_numeric": 0,
            "min_special": 0,
            "min_upper": 0,
            "number": true,
            "numeric": true,
            "override_special": null,
            "result": "U0mscgbKQoDBLvhDgl6lfvJeH5ZcvjMc",
            "special": false,
            "upper": true
          },
          "sensitive_attributes": []
        }
      ]
    },
    {
      "mode": "managed",
      "type": "random_password",
      "name": "jwt_secret",
      "provider": "provider[\"registry.terraform.io/hashicorp/random\"]",
      "instances": [
        {
          "schema_version": 3,
          "attributes": {
            "bcrypt_hash": "$2a$10$s0phAFhWhmBqmvI5X4vWse2Va6Vk0mvKtRrPGtamHZlIVLMs59cYO",
            "id": "none",
            "keepers": null,
            "length": 64,
            "lower": true,
            "min_lower": 0,
            "min_numeric": 0,
            "min_special": 0,
            "min_upper": 0,
            "number": true,
            "numeric": true,
            "override_special": "!#$%\u0026*()-_=+[]{}\u003c\u003e:?",
            "result": "6bz7q82:k9KA)Ks86W?u2W[2JLIS-r:ez-)?#XEi7!\u003cTRMw8o*_CLVRzzp8zD6ke",
            "special": true,
            "upper": true
          },
          "sensitive_attributes": []
        }
      ]
    },
    {
      "mode": "managed",
      "type": "random_password",
      "name": "session_secret",
      "provider": "provider[\"registry.terraform.io/hashicorp/random\"]",
      "instances": [
        {
          "schema_version": 3,
          "attributes": {
            "bcrypt_hash": "$2a$10$Xn6PxI/wAcLUt9/n7crCXudugPCBqVhVf0X1l..XlkHxy1JDNnnPW",
            "id": "none",
            "keepers": null,
            "length": 64,
            "lower": true,
            "min_lower": 0,
            "min_numeric": 0,
            "min_special": 0,
            "min_upper": 0,
            "number": true,
            "numeric": true,
            "override_special": "!#$%\u0026*()-_=+[]{}\u003c\u003e:?",
            "result": "gLu)OFtHxPd)6xgRaQ:HEGra3leN)GTKAF::TNR%$!t=ATJF]%4=M35hYlkhq\u003ejd",
            "special": true,
            "upper": true
          },
          "sensitive_attributes": []
        }
      ]
    }
  ],
  "check_results": null
}
